
Microsoft Visual Studio Solution File, Format Version 12.00
# Visual Studio Version 16
VisualStudioVersion = 16.0.29102.190
MinimumVisualStudioVersion = 10.0.40219.1
Project("{9A19103F-16F7-4668-BE54-9A1E7A4F7556}") = "Reusable.Wiretap", "Reusable.Wiretap\Reusable.Wiretap.csproj", "{6C0AB70F-1BCB-488C-B905-6681A3BF152F}"
EndProject
Project("{9A19103F-16F7-4668-BE54-9A1E7A4F7556}") = "Reusable.Wiretap.Connectors.NLog", "Reusable.Wiretap.Connectors.NLog\Reusable.Wiretap.Connectors.NLog.csproj", "{2E315F60-6572-4E5E-866D-475D6A990CD5}"
EndProject
Project("{9A19103F-16F7-4668-BE54-9A1E7A4F7556}") = "Reusable.Utilities.JsonNet", "Reusable.Utilities.JsonNet\Reusable.Utilities.JsonNet.csproj", "{4112D46D-2496-40D4-A0D0-33C190A11C7B}"
EndProject
Project("{9A19103F-16F7-4668-BE54-9A1E7A4F7556}") = "Reusable.Utilities.MSTest", "Reusable.Utilities.MSTest\Reusable.Utilities.MSTest.csproj", "{41886267-C1A5-492E-AEDA-C55702405C28}"
EndProject
Project("{9A19103F-16F7-4668-BE54-9A1E7A4F7556}") = "Reusable.Utilities.NLog", "Reusable.Utilities.NLog\Reusable.Utilities.NLog.csproj", "{6576FDC9-A6CA-4D58-B1C9-EE904A6E12F3}"
EndProject
Project("{9A19103F-16F7-4668-BE54-9A1E7A4F7556}") = "Reusable.Utilities.SqlClient", "Reusable.Utilities.SqlClient\Reusable.Utilities.SqlClient.csproj", "{D1F32907-120A-43CB-9770-291835E9717C}"
EndProject
Project("{9A19103F-16F7-4668-BE54-9A1E7A4F7556}") = "Reusable.DoubleDash", "Reusable.DoubleDash\Reusable.DoubleDash.csproj", "{89968832-E668-48AE-BAEF-19F4C689613B}"
EndProject
Project("{9A19103F-16F7-4668-BE54-9A1E7A4F7556}") = "Reusable.Snowball", "Reusable.Snowball\Reusable.Snowball.csproj", "{25A53836-CA06-4F6A-A321-199F004005D8}"
EndProject
Project("{9A19103F-16F7-4668-BE54-9A1E7A4F7556}") = "Reusable.Core", "Reusable.Core\Reusable.Core.csproj", "{BB5232B3-D85B-480A-B301-4EEDF35FF151}"
EndProject
Project("{9A19103F-16F7-4668-BE54-9A1E7A4F7556}") = "Reusable.Fluorite", "Reusable.Fluorite\Reusable.Fluorite.csproj", "{B5E55F99-59EB-4763-B650-6CEB546DBC55}"
EndProject
Project("{9A19103F-16F7-4668-BE54-9A1E7A4F7556}") = "Reusable.app.Console", "Reusable.app.Console\Reusable.app.Console.csproj", "{BA4F622C-AB9B-4C1C-9CBE-02490532D037}"
EndProject
Project("{9A19103F-16F7-4668-BE54-9A1E7A4F7556}") = "Reusable.app.Server", "Reusable.app.Server\Reusable.app.Server.csproj", "{1CA8ADE8-04FE-45C4-9D78-A74CF6E111EC}"
EndProject
Project("{9A19103F-16F7-4668-BE54-9A1E7A4F7556}") = "Reusable.Wiretap.Utilities.AspNetCore", "Reusable.Wiretap.Utilities.AspNetCore\Reusable.Wiretap.Utilities.AspNetCore.csproj", "{645BDDA4-873B-4B20-9696-B442E85BD270}"
EndProject
Project("{9A19103F-16F7-4668-BE54-9A1E7A4F7556}") = "Reusable.Utilities.AspNetCore", "Reusable.Utilities.AspNetCore\Reusable.Utilities.AspNetCore.csproj", "{37A5FD78-1DCF-4B31-AC03-81DC493BD0BB}"
EndProject
Project("{9A19103F-16F7-4668-BE54-9A1E7A4F7556}") = "Reusable.Secure", "Reusable.Secure\Reusable.Secure.csproj", "{26F67C2C-88AC-4F6D-ABC8-4386586963B2}"
EndProject
Project("{2150E333-8FDC-42A3-9474-1A3956D46DE8}") = "app", "app", "{80CC1CE4-FFE0-4559-A2EC-71DD8B68122C}"
EndProject
Project("{2150E333-8FDC-42A3-9474-1A3956D46DE8}") = "lib", "lib", "{E50273AB-3639-4A78-8DE1-D46E402EA3EF}"
EndProject
Project("{9A19103F-16F7-4668-BE54-9A1E7A4F7556}") = "Reusable.Deception", "Reusable.Deception\Reusable.Deception.csproj", "{8C6AEC88-BB70-4D46-A0A8-39C38E4FB0DB}"
EndProject
Project("{9A19103F-16F7-4668-BE54-9A1E7A4F7556}") = "Reusable.Flexo", "Reusable.Flexo\Reusable.Flexo.csproj", "{5EA18FC2-C680-4094-AC2A-34122EDA1CC2}"
EndProject
Project("{9A19103F-16F7-4668-BE54-9A1E7A4F7556}") = "Reusable.Utilities.Mailr", "Reusable.Utilities.Mailr\Reusable.Utilities.Mailr.csproj", "{8B72AB74-C38E-450D-86D4-D6AC33AC9961}"
EndProject
Project("{2150E333-8FDC-42A3-9474-1A3956D46DE8}") = "Solution Items", "Solution Items", "{167E65EE-1F13-437D-9BDD-72B00874BA67}"
	ProjectSection(SolutionItems) = preProject
		tests.runsettings = tests.runsettings
	EndProjectSection
EndProject
Project("{9A19103F-16F7-4668-BE54-9A1E7A4F7556}") = "Reusable.Tests", "Reusable.Tests\Reusable.Tests.csproj", "{3FA08226-408C-4347-BBD8-7D505C8D48DE}"
EndProject
Project("{9A19103F-16F7-4668-BE54-9A1E7A4F7556}") = "Reusable.Teapot", "Reusable.Teapot\Reusable.Teapot.csproj", "{AA718846-0C3E-4B92-9E68-2052DCFBFD12}"
EndProject
Project("{9A19103F-16F7-4668-BE54-9A1E7A4F7556}") = "Reusable.Toggle", "Reusable.Toggle\Reusable.Toggle.csproj", "{DFCA5D89-A31B-4B74-9946-06FCDB297891}"
EndProject
Project("{9A19103F-16F7-4668-BE54-9A1E7A4F7556}") = "Reusable.ReMember", "Reusable.ReMember\Reusable.ReMember.csproj", "{A8018E4A-E8F3-4466-8FAB-D691B169BF2F}"
EndProject
Project("{9A19103F-16F7-4668-BE54-9A1E7A4F7556}") = "Reusable.Data", "Reusable.Data\Reusable.Data.csproj", "{E53B8A18-230A-4CC1-B135-775E5A219E96}"
EndProject
Project("{9A19103F-16F7-4668-BE54-9A1E7A4F7556}") = "Reusable.Octopus.file", "Reusable.Octopus.file\Reusable.Octopus.file.csproj", "{C6D068D1-379E-4421-8709-45D41BF4689A}"
EndProject
Project("{9A19103F-16F7-4668-BE54-9A1E7A4F7556}") = "Reusable.Octopus.config", "Reusable.Octopus.config\Reusable.Octopus.config.csproj", "{600D834F-3230-4EF0-82A6-9C3CF11BB0B2}"
EndProject
Project("{9A19103F-16F7-4668-BE54-9A1E7A4F7556}") = "Reusable.Octopus.config.AppConfig", "Reusable.Octopus.config.AppConfig\Reusable.Octopus.config.AppConfig.csproj", "{FED0F6CB-26C6-4C70-A047-A4A26A3DCD46}"
EndProject
Project("{9A19103F-16F7-4668-BE54-9A1E7A4F7556}") = "Reusable.Octopus.config.Json", "Reusable.Octopus.config.Json\Reusable.Octopus.config.Json.csproj", "{1401C17C-4D6A-4991-85B5-37996F08B061}"
EndProject
Project("{9A19103F-16F7-4668-BE54-9A1E7A4F7556}") = "Reusable.Octopus.config.Database", "Reusable.Octopus.config.Database\Reusable.Octopus.config.Database.csproj", "{32714941-5339-4768-BB8F-34AAF4E3B43A}"
EndProject
Project("{9A19103F-16F7-4668-BE54-9A1E7A4F7556}") = "Reusable.Octopus.http", "Reusable.Octopus.http\Reusable.Octopus.http.csproj", "{93FEB82C-BD1C-4B44-83E1-D1E3362D6E13}"
EndProject
Project("{9A19103F-16F7-4668-BE54-9A1E7A4F7556}") = "Reusable.Octopus.mailto", "Reusable.Octopus.mailto\Reusable.Octopus.mailto.csproj", "{133D9FD1-FF61-4720-9395-8499C17BBB16}"
EndProject
Project("{9A19103F-16F7-4668-BE54-9A1E7A4F7556}") = "Reusable.Octopus", "Reusable.Octopus\Reusable.Octopus.csproj", "{7B321958-0430-471F-856B-CFE6EDE30C95}"
EndProject
Project("{9A19103F-16F7-4668-BE54-9A1E7A4F7556}") = "Reusable.Utilities.Autofac", "Reusable.Utilities.Autofac\Reusable.Utilities.Autofac.csproj", "{ABD286A8-9CDC-42C3-AC8F-3646E70755AA}"
EndProject
Project("{FAE04EC0-301F-11D3-BF4B-00C04F79EFBC}") = "Reusable.Teapot.Assert", "Reusable.Teapot.Assert\Reusable.Teapot.Assert.csproj", "{2465FD65-5736-46BE-B129-98C57E2966C2}"
EndProject
Project("{FAE04EC0-301F-11D3-BF4B-00C04F79EFBC}") = "Reusable.Utilities.XUnit", "Reusable.Utilities.XUnit\Reusable.Utilities.XUnit.csproj", "{06522BEB-490C-45DD-A428-A7F0EB84E147}"
EndProject
Project("{2150E333-8FDC-42A3-9474-1A3956D46DE8}") = "lib-frameworks", "lib-frameworks", "{0558F331-6EE1-4E74-B402-8CA44A62A37D}"
EndProject
Project("{2150E333-8FDC-42A3-9474-1A3956D46DE8}") = "lib-utilities", "lib-utilities", "{F5FFA438-A4D4-48AB-AA5D-73BAE8CA90F4}"
EndProject
Project("{2150E333-8FDC-42A3-9474-1A3956D46DE8}") = "lib-tools", "lib-tools", "{5CCF0451-250A-4AF3-8756-8ACEACC1826D}"
EndProject
Project("{FAE04EC0-301F-11D3-BF4B-00C04F79EFBC}") = "Reusable.Wiretap.Connectors.Console", "Reusable.Wiretap.Connectors.Console\Reusable.Wiretap.Connectors.Console.csproj", "{F7D80E2C-1315-4D87-BB06-D5E5CBECECC1}"
EndProject
Project("{FAE04EC0-301F-11D3-BF4B-00C04F79EFBC}") = "Reusable.Wiretap.Connectors.Console.Fancy", "Reusable.Wiretap.Connectors.Console.Fancy\Reusable.Wiretap.Connectors.Console.Fancy.csproj", "{929C914F-5F63-4101-A3B3-6F42AB147B3A}"
EndProject
Project("{FAE04EC0-301F-11D3-BF4B-00C04F79EFBC}") = "Reusable.Essentials", "Reusable.Essentials\Reusable.Essentials.csproj", "{5713F33F-3C5B-4B2D-8A0A-67D75CF1F4CF}"
EndProject
Global
	GlobalSection(SolutionConfigurationPlatforms) = preSolution
		Debug|Any CPU = Debug|Any CPU
		Release|Any CPU = Release|Any CPU
	EndGlobalSection
	GlobalSection(ProjectConfigurationPlatforms) = postSolution
		{6C0AB70F-1BCB-488C-B905-6681A3BF152F}.Debug|Any CPU.ActiveCfg = Debug|Any CPU
		{6C0AB70F-1BCB-488C-B905-6681A3BF152F}.Debug|Any CPU.Build.0 = Debug|Any CPU
		{6C0AB70F-1BCB-488C-B905-6681A3BF152F}.Release|Any CPU.ActiveCfg = Release|Any CPU
		{6C0AB70F-1BCB-488C-B905-6681A3BF152F}.Release|Any CPU.Build.0 = Release|Any CPU
		{2E315F60-6572-4E5E-866D-475D6A990CD5}.Debug|Any CPU.ActiveCfg = Debug|Any CPU
		{2E315F60-6572-4E5E-866D-475D6A990CD5}.Debug|Any CPU.Build.0 = Debug|Any CPU
		{2E315F60-6572-4E5E-866D-475D6A990CD5}.Release|Any CPU.ActiveCfg = Release|Any CPU
		{2E315F60-6572-4E5E-866D-475D6A990CD5}.Release|Any CPU.Build.0 = Release|Any CPU
		{4112D46D-2496-40D4-A0D0-33C190A11C7B}.Debug|Any CPU.ActiveCfg = Debug|Any CPU
		{4112D46D-2496-40D4-A0D0-33C190A11C7B}.Debug|Any CPU.Build.0 = Debug|Any CPU
		{4112D46D-2496-40D4-A0D0-33C190A11C7B}.Release|Any CPU.ActiveCfg = Release|Any CPU
		{4112D46D-2496-40D4-A0D0-33C190A11C7B}.Release|Any CPU.Build.0 = Release|Any CPU
		{41886267-C1A5-492E-AEDA-C55702405C28}.Debug|Any CPU.ActiveCfg = Debug|Any CPU
		{41886267-C1A5-492E-AEDA-C55702405C28}.Debug|Any CPU.Build.0 = Debug|Any CPU
		{41886267-C1A5-492E-AEDA-C55702405C28}.Release|Any CPU.ActiveCfg = Release|Any CPU
		{41886267-C1A5-492E-AEDA-C55702405C28}.Release|Any CPU.Build.0 = Release|Any CPU
		{6576FDC9-A6CA-4D58-B1C9-EE904A6E12F3}.Debug|Any CPU.ActiveCfg = Debug|Any CPU
		{6576FDC9-A6CA-4D58-B1C9-EE904A6E12F3}.Debug|Any CPU.Build.0 = Debug|Any CPU
		{6576FDC9-A6CA-4D58-B1C9-EE904A6E12F3}.Release|Any CPU.ActiveCfg = Release|Any CPU
		{6576FDC9-A6CA-4D58-B1C9-EE904A6E12F3}.Release|Any CPU.Build.0 = Release|Any CPU
		{D1F32907-120A-43CB-9770-291835E9717C}.Debug|Any CPU.ActiveCfg = Debug|Any CPU
		{D1F32907-120A-43CB-9770-291835E9717C}.Debug|Any CPU.Build.0 = Debug|Any CPU
		{D1F32907-120A-43CB-9770-291835E9717C}.Release|Any CPU.ActiveCfg = Release|Any CPU
		{D1F32907-120A-43CB-9770-291835E9717C}.Release|Any CPU.Build.0 = Release|Any CPU
		{89968832-E668-48AE-BAEF-19F4C689613B}.Debug|Any CPU.ActiveCfg = Debug|Any CPU
		{89968832-E668-48AE-BAEF-19F4C689613B}.Debug|Any CPU.Build.0 = Debug|Any CPU
		{89968832-E668-48AE-BAEF-19F4C689613B}.Release|Any CPU.ActiveCfg = Release|Any CPU
		{89968832-E668-48AE-BAEF-19F4C689613B}.Release|Any CPU.Build.0 = Release|Any CPU
		{25A53836-CA06-4F6A-A321-199F004005D8}.Debug|Any CPU.ActiveCfg = Debug|Any CPU
		{25A53836-CA06-4F6A-A321-199F004005D8}.Debug|Any CPU.Build.0 = Debug|Any CPU
		{25A53836-CA06-4F6A-A321-199F004005D8}.Release|Any CPU.ActiveCfg = Release|Any CPU
		{25A53836-CA06-4F6A-A321-199F004005D8}.Release|Any CPU.Build.0 = Release|Any CPU
		{BB5232B3-D85B-480A-B301-4EEDF35FF151}.Debug|Any CPU.ActiveCfg = Debug|Any CPU
		{BB5232B3-D85B-480A-B301-4EEDF35FF151}.Release|Any CPU.ActiveCfg = Release|Any CPU
		{BB5232B3-D85B-480A-B301-4EEDF35FF151}.Release|Any CPU.Build.0 = Release|Any CPU
		{B5E55F99-59EB-4763-B650-6CEB546DBC55}.Debug|Any CPU.ActiveCfg = Debug|Any CPU
		{B5E55F99-59EB-4763-B650-6CEB546DBC55}.Debug|Any CPU.Build.0 = Debug|Any CPU
		{B5E55F99-59EB-4763-B650-6CEB546DBC55}.Release|Any CPU.ActiveCfg = Release|Any CPU
		{B5E55F99-59EB-4763-B650-6CEB546DBC55}.Release|Any CPU.Build.0 = Release|Any CPU
		{BA4F622C-AB9B-4C1C-9CBE-02490532D037}.Debug|Any CPU.ActiveCfg = Debug|Any CPU
		{BA4F622C-AB9B-4C1C-9CBE-02490532D037}.Debug|Any CPU.Build.0 = Debug|Any CPU
		{BA4F622C-AB9B-4C1C-9CBE-02490532D037}.Release|Any CPU.ActiveCfg = Release|Any CPU
		{1CA8ADE8-04FE-45C4-9D78-A74CF6E111EC}.Debug|Any CPU.ActiveCfg = Debug|Any CPU
		{1CA8ADE8-04FE-45C4-9D78-A74CF6E111EC}.Release|Any CPU.ActiveCfg = Release|Any CPU
		{645BDDA4-873B-4B20-9696-B442E85BD270}.Debug|Any CPU.ActiveCfg = Debug|Any CPU
		{645BDDA4-873B-4B20-9696-B442E85BD270}.Debug|Any CPU.Build.0 = Debug|Any CPU
		{645BDDA4-873B-4B20-9696-B442E85BD270}.Release|Any CPU.ActiveCfg = Release|Any CPU
		{645BDDA4-873B-4B20-9696-B442E85BD270}.Release|Any CPU.Build.0 = Release|Any CPU
		{37A5FD78-1DCF-4B31-AC03-81DC493BD0BB}.Debug|Any CPU.ActiveCfg = Debug|Any CPU
		{37A5FD78-1DCF-4B31-AC03-81DC493BD0BB}.Debug|Any CPU.Build.0 = Debug|Any CPU
		{37A5FD78-1DCF-4B31-AC03-81DC493BD0BB}.Release|Any CPU.ActiveCfg = Release|Any CPU
		{37A5FD78-1DCF-4B31-AC03-81DC493BD0BB}.Release|Any CPU.Build.0 = Release|Any CPU
		{26F67C2C-88AC-4F6D-ABC8-4386586963B2}.Debug|Any CPU.ActiveCfg = Debug|Any CPU
		{26F67C2C-88AC-4F6D-ABC8-4386586963B2}.Debug|Any CPU.Build.0 = Debug|Any CPU
		{26F67C2C-88AC-4F6D-ABC8-4386586963B2}.Release|Any CPU.ActiveCfg = Release|Any CPU
		{26F67C2C-88AC-4F6D-ABC8-4386586963B2}.Release|Any CPU.Build.0 = Release|Any CPU
		{8C6AEC88-BB70-4D46-A0A8-39C38E4FB0DB}.Debug|Any CPU.ActiveCfg = Debug|Any CPU
		{8C6AEC88-BB70-4D46-A0A8-39C38E4FB0DB}.Debug|Any CPU.Build.0 = Debug|Any CPU
		{8C6AEC88-BB70-4D46-A0A8-39C38E4FB0DB}.Release|Any CPU.ActiveCfg = Release|Any CPU
		{8C6AEC88-BB70-4D46-A0A8-39C38E4FB0DB}.Release|Any CPU.Build.0 = Release|Any CPU
		{5EA18FC2-C680-4094-AC2A-34122EDA1CC2}.Debug|Any CPU.ActiveCfg = Debug|Any CPU
		{5EA18FC2-C680-4094-AC2A-34122EDA1CC2}.Release|Any CPU.ActiveCfg = Release|Any CPU
		{5EA18FC2-C680-4094-AC2A-34122EDA1CC2}.Release|Any CPU.Build.0 = Release|Any CPU
		{8B72AB74-C38E-450D-86D4-D6AC33AC9961}.Debug|Any CPU.ActiveCfg = Debug|Any CPU
		{8B72AB74-C38E-450D-86D4-D6AC33AC9961}.Release|Any CPU.ActiveCfg = Release|Any CPU
		{8B72AB74-C38E-450D-86D4-D6AC33AC9961}.Release|Any CPU.Build.0 = Release|Any CPU
		{3FA08226-408C-4347-BBD8-7D505C8D48DE}.Debug|Any CPU.ActiveCfg = Debug|Any CPU
		{3FA08226-408C-4347-BBD8-7D505C8D48DE}.Release|Any CPU.ActiveCfg = Release|Any CPU
		{3FA08226-408C-4347-BBD8-7D505C8D48DE}.Debug|Any CPU.Build.0 = Debug|Any CPU
		{AA718846-0C3E-4B92-9E68-2052DCFBFD12}.Debug|Any CPU.ActiveCfg = Debug|Any CPU
		{AA718846-0C3E-4B92-9E68-2052DCFBFD12}.Debug|Any CPU.Build.0 = Debug|Any CPU
		{AA718846-0C3E-4B92-9E68-2052DCFBFD12}.Release|Any CPU.ActiveCfg = Release|Any CPU
		{AA718846-0C3E-4B92-9E68-2052DCFBFD12}.Release|Any CPU.Build.0 = Release|Any CPU
		{DFCA5D89-A31B-4B74-9946-06FCDB297891}.Debug|Any CPU.ActiveCfg = Debug|Any CPU
		{DFCA5D89-A31B-4B74-9946-06FCDB297891}.Debug|Any CPU.Build.0 = Debug|Any CPU
		{DFCA5D89-A31B-4B74-9946-06FCDB297891}.Release|Any CPU.ActiveCfg = Release|Any CPU
		{DFCA5D89-A31B-4B74-9946-06FCDB297891}.Release|Any CPU.Build.0 = Release|Any CPU
		{A8018E4A-E8F3-4466-8FAB-D691B169BF2F}.Debug|Any CPU.ActiveCfg = Debug|Any CPU
		{A8018E4A-E8F3-4466-8FAB-D691B169BF2F}.Debug|Any CPU.Build.0 = Debug|Any CPU
		{A8018E4A-E8F3-4466-8FAB-D691B169BF2F}.Release|Any CPU.ActiveCfg = Release|Any CPU
		{A8018E4A-E8F3-4466-8FAB-D691B169BF2F}.Release|Any CPU.Build.0 = Release|Any CPU
		{E53B8A18-230A-4CC1-B135-775E5A219E96}.Debug|Any CPU.ActiveCfg = Debug|Any CPU
		{E53B8A18-230A-4CC1-B135-775E5A219E96}.Release|Any CPU.ActiveCfg = Release|Any CPU
		{E53B8A18-230A-4CC1-B135-775E5A219E96}.Release|Any CPU.Build.0 = Release|Any CPU
		{C6D068D1-379E-4421-8709-45D41BF4689A}.Debug|Any CPU.ActiveCfg = Debug|Any CPU
		{C6D068D1-379E-4421-8709-45D41BF4689A}.Debug|Any CPU.Build.0 = Debug|Any CPU
		{C6D068D1-379E-4421-8709-45D41BF4689A}.Release|Any CPU.ActiveCfg = Release|Any CPU
		{C6D068D1-379E-4421-8709-45D41BF4689A}.Release|Any CPU.Build.0 = Release|Any CPU
		{600D834F-3230-4EF0-82A6-9C3CF11BB0B2}.Debug|Any CPU.ActiveCfg = Debug|Any CPU
		{600D834F-3230-4EF0-82A6-9C3CF11BB0B2}.Debug|Any CPU.Build.0 = Debug|Any CPU
		{600D834F-3230-4EF0-82A6-9C3CF11BB0B2}.Release|Any CPU.ActiveCfg = Release|Any CPU
		{600D834F-3230-4EF0-82A6-9C3CF11BB0B2}.Release|Any CPU.Build.0 = Release|Any CPU
		{FED0F6CB-26C6-4C70-A047-A4A26A3DCD46}.Debug|Any CPU.ActiveCfg = Debug|Any CPU
		{FED0F6CB-26C6-4C70-A047-A4A26A3DCD46}.Debug|Any CPU.Build.0 = Debug|Any CPU
		{FED0F6CB-26C6-4C70-A047-A4A26A3DCD46}.Release|Any CPU.ActiveCfg = Release|Any CPU
		{FED0F6CB-26C6-4C70-A047-A4A26A3DCD46}.Release|Any CPU.Build.0 = Release|Any CPU
		{1401C17C-4D6A-4991-85B5-37996F08B061}.Debug|Any CPU.ActiveCfg = Debug|Any CPU
		{1401C17C-4D6A-4991-85B5-37996F08B061}.Debug|Any CPU.Build.0 = Debug|Any CPU
		{1401C17C-4D6A-4991-85B5-37996F08B061}.Release|Any CPU.ActiveCfg = Release|Any CPU
		{1401C17C-4D6A-4991-85B5-37996F08B061}.Release|Any CPU.Build.0 = Release|Any CPU
		{32714941-5339-4768-BB8F-34AAF4E3B43A}.Debug|Any CPU.ActiveCfg = Debug|Any CPU
		{32714941-5339-4768-BB8F-34AAF4E3B43A}.Debug|Any CPU.Build.0 = Debug|Any CPU
		{32714941-5339-4768-BB8F-34AAF4E3B43A}.Release|Any CPU.ActiveCfg = Release|Any CPU
		{32714941-5339-4768-BB8F-34AAF4E3B43A}.Release|Any CPU.Build.0 = Release|Any CPU
		{93FEB82C-BD1C-4B44-83E1-D1E3362D6E13}.Debug|Any CPU.ActiveCfg = Debug|Any CPU
		{93FEB82C-BD1C-4B44-83E1-D1E3362D6E13}.Debug|Any CPU.Build.0 = Debug|Any CPU
		{93FEB82C-BD1C-4B44-83E1-D1E3362D6E13}.Release|Any CPU.ActiveCfg = Release|Any CPU
		{93FEB82C-BD1C-4B44-83E1-D1E3362D6E13}.Release|Any CPU.Build.0 = Release|Any CPU
		{133D9FD1-FF61-4720-9395-8499C17BBB16}.Debug|Any CPU.ActiveCfg = Debug|Any CPU
		{133D9FD1-FF61-4720-9395-8499C17BBB16}.Debug|Any CPU.Build.0 = Debug|Any CPU
		{133D9FD1-FF61-4720-9395-8499C17BBB16}.Release|Any CPU.ActiveCfg = Release|Any CPU
		{133D9FD1-FF61-4720-9395-8499C17BBB16}.Release|Any CPU.Build.0 = Release|Any CPU
		{7B321958-0430-471F-856B-CFE6EDE30C95}.Debug|Any CPU.ActiveCfg = Debug|Any CPU
		{7B321958-0430-471F-856B-CFE6EDE30C95}.Debug|Any CPU.Build.0 = Debug|Any CPU
		{7B321958-0430-471F-856B-CFE6EDE30C95}.Release|Any CPU.ActiveCfg = Release|Any CPU
		{7B321958-0430-471F-856B-CFE6EDE30C95}.Release|Any CPU.Build.0 = Release|Any CPU
		{ABD286A8-9CDC-42C3-AC8F-3646E70755AA}.Debug|Any CPU.ActiveCfg = Debug|Any CPU
		{ABD286A8-9CDC-42C3-AC8F-3646E70755AA}.Debug|Any CPU.Build.0 = Debug|Any CPU
		{ABD286A8-9CDC-42C3-AC8F-3646E70755AA}.Release|Any CPU.ActiveCfg = Release|Any CPU
		{ABD286A8-9CDC-42C3-AC8F-3646E70755AA}.Release|Any CPU.Build.0 = Release|Any CPU
		{2465FD65-5736-46BE-B129-98C57E2966C2}.Debug|Any CPU.ActiveCfg = Debug|Any CPU
		{2465FD65-5736-46BE-B129-98C57E2966C2}.Debug|Any CPU.Build.0 = Debug|Any CPU
		{2465FD65-5736-46BE-B129-98C57E2966C2}.Release|Any CPU.ActiveCfg = Release|Any CPU
		{2465FD65-5736-46BE-B129-98C57E2966C2}.Release|Any CPU.Build.0 = Release|Any CPU
		{06522BEB-490C-45DD-A428-A7F0EB84E147}.Debug|Any CPU.ActiveCfg = Debug|Any CPU
		{06522BEB-490C-45DD-A428-A7F0EB84E147}.Release|Any CPU.ActiveCfg = Release|Any CPU
		{06522BEB-490C-45DD-A428-A7F0EB84E147}.Debug|Any CPU.Build.0 = Debug|Any CPU
		{F7D80E2C-1315-4D87-BB06-D5E5CBECECC1}.Debug|Any CPU.ActiveCfg = Debug|Any CPU
		{F7D80E2C-1315-4D87-BB06-D5E5CBECECC1}.Debug|Any CPU.Build.0 = Debug|Any CPU
		{F7D80E2C-1315-4D87-BB06-D5E5CBECECC1}.Release|Any CPU.ActiveCfg = Release|Any CPU
		{F7D80E2C-1315-4D87-BB06-D5E5CBECECC1}.Release|Any CPU.Build.0 = Release|Any CPU
		{929C914F-5F63-4101-A3B3-6F42AB147B3A}.Debug|Any CPU.ActiveCfg = Debug|Any CPU
		{929C914F-5F63-4101-A3B3-6F42AB147B3A}.Debug|Any CPU.Build.0 = Debug|Any CPU
		{929C914F-5F63-4101-A3B3-6F42AB147B3A}.Release|Any CPU.ActiveCfg = Release|Any CPU
		{929C914F-5F63-4101-A3B3-6F42AB147B3A}.Release|Any CPU.Build.0 = Release|Any CPU
		{5713F33F-3C5B-4B2D-8A0A-67D75CF1F4CF}.Debug|Any CPU.ActiveCfg = Debug|Any CPU
		{5713F33F-3C5B-4B2D-8A0A-67D75CF1F4CF}.Debug|Any CPU.Build.0 = Debug|Any CPU
		{5713F33F-3C5B-4B2D-8A0A-67D75CF1F4CF}.Release|Any CPU.ActiveCfg = Release|Any CPU
		{5713F33F-3C5B-4B2D-8A0A-67D75CF1F4CF}.Release|Any CPU.Build.0 = Release|Any CPU
	EndGlobalSection
	GlobalSection(SolutionProperties) = preSolution
		HideSolutionNode = FALSE
	EndGlobalSection
	GlobalSection(NestedProjects) = preSolution
		{BB5232B3-D85B-480A-B301-4EEDF35FF151} = {E50273AB-3639-4A78-8DE1-D46E402EA3EF}
		{BA4F622C-AB9B-4C1C-9CBE-02490532D037} = {80CC1CE4-FFE0-4559-A2EC-71DD8B68122C}
		{1CA8ADE8-04FE-45C4-9D78-A74CF6E111EC} = {80CC1CE4-FFE0-4559-A2EC-71DD8B68122C}
		{5EA18FC2-C680-4094-AC2A-34122EDA1CC2} = {E50273AB-3639-4A78-8DE1-D46E402EA3EF}
		{E53B8A18-230A-4CC1-B135-775E5A219E96} = {E50273AB-3639-4A78-8DE1-D46E402EA3EF}
		{6C0AB70F-1BCB-488C-B905-6681A3BF152F} = {0558F331-6EE1-4E74-B402-8CA44A62A37D}
		{2E315F60-6572-4E5E-866D-475D6A990CD5} = {0558F331-6EE1-4E74-B402-8CA44A62A37D}
		{645BDDA4-873B-4B20-9696-B442E85BD270} = {0558F331-6EE1-4E74-B402-8CA44A62A37D}
		{25A53836-CA06-4F6A-A321-199F004005D8} = {0558F331-6EE1-4E74-B402-8CA44A62A37D}
		{8C6AEC88-BB70-4D46-A0A8-39C38E4FB0DB} = {0558F331-6EE1-4E74-B402-8CA44A62A37D}
		{B5E55F99-59EB-4763-B650-6CEB546DBC55} = {0558F331-6EE1-4E74-B402-8CA44A62A37D}
		{A8018E4A-E8F3-4466-8FAB-D691B169BF2F} = {0558F331-6EE1-4E74-B402-8CA44A62A37D}
		{89968832-E668-48AE-BAEF-19F4C689613B} = {0558F331-6EE1-4E74-B402-8CA44A62A37D}
		{DFCA5D89-A31B-4B74-9946-06FCDB297891} = {0558F331-6EE1-4E74-B402-8CA44A62A37D}
		{7B321958-0430-471F-856B-CFE6EDE30C95} = {0558F331-6EE1-4E74-B402-8CA44A62A37D}
		{600D834F-3230-4EF0-82A6-9C3CF11BB0B2} = {0558F331-6EE1-4E74-B402-8CA44A62A37D}
		{FED0F6CB-26C6-4C70-A047-A4A26A3DCD46} = {0558F331-6EE1-4E74-B402-8CA44A62A37D}
		{1401C17C-4D6A-4991-85B5-37996F08B061} = {0558F331-6EE1-4E74-B402-8CA44A62A37D}
		{32714941-5339-4768-BB8F-34AAF4E3B43A} = {0558F331-6EE1-4E74-B402-8CA44A62A37D}
		{C6D068D1-379E-4421-8709-45D41BF4689A} = {0558F331-6EE1-4E74-B402-8CA44A62A37D}
		{93FEB82C-BD1C-4B44-83E1-D1E3362D6E13} = {0558F331-6EE1-4E74-B402-8CA44A62A37D}
		{133D9FD1-FF61-4720-9395-8499C17BBB16} = {0558F331-6EE1-4E74-B402-8CA44A62A37D}
		{37A5FD78-1DCF-4B31-AC03-81DC493BD0BB} = {F5FFA438-A4D4-48AB-AA5D-73BAE8CA90F4}
		{ABD286A8-9CDC-42C3-AC8F-3646E70755AA} = {F5FFA438-A4D4-48AB-AA5D-73BAE8CA90F4}
		{4112D46D-2496-40D4-A0D0-33C190A11C7B} = {F5FFA438-A4D4-48AB-AA5D-73BAE8CA90F4}
		{8B72AB74-C38E-450D-86D4-D6AC33AC9961} = {F5FFA438-A4D4-48AB-AA5D-73BAE8CA90F4}
		{41886267-C1A5-492E-AEDA-C55702405C28} = {F5FFA438-A4D4-48AB-AA5D-73BAE8CA90F4}
		{6576FDC9-A6CA-4D58-B1C9-EE904A6E12F3} = {F5FFA438-A4D4-48AB-AA5D-73BAE8CA90F4}
		{D1F32907-120A-43CB-9770-291835E9717C} = {F5FFA438-A4D4-48AB-AA5D-73BAE8CA90F4}
		{06522BEB-490C-45DD-A428-A7F0EB84E147} = {F5FFA438-A4D4-48AB-AA5D-73BAE8CA90F4}
		{AA718846-0C3E-4B92-9E68-2052DCFBFD12} = {5CCF0451-250A-4AF3-8756-8ACEACC1826D}
		{2465FD65-5736-46BE-B129-98C57E2966C2} = {5CCF0451-250A-4AF3-8756-8ACEACC1826D}
		{26F67C2C-88AC-4F6D-ABC8-4386586963B2} = {5CCF0451-250A-4AF3-8756-8ACEACC1826D}
		{F7D80E2C-1315-4D87-BB06-D5E5CBECECC1} = {0558F331-6EE1-4E74-B402-8CA44A62A37D}
		{929C914F-5F63-4101-A3B3-6F42AB147B3A} = {0558F331-6EE1-4E74-B402-8CA44A62A37D}
		{5713F33F-3C5B-4B2D-8A0A-67D75CF1F4CF} = {E50273AB-3639-4A78-8DE1-D46E402EA3EF}
	EndGlobalSection
	GlobalSection(ExtensibilityGlobals) = postSolution
		SolutionGuid = {2FA54731-890C-4550-BACA-E19B564CE1E3}
	EndGlobalSection
EndGlobal
