
Microsoft Visual Studio Solution File, Format Version 12.00
# Visual Studio 15
VisualStudioVersion = 15.0.27703.2035
MinimumVisualStudioVersion = 10.0.40219.1
Project("{9A19103F-16F7-4668-BE54-9A1E7A4F7556}") = "Reusable.OmniLog", "Reusable.OmniLog\Reusable.OmniLog.csproj", "{6C0AB70F-1BCB-488C-B905-6681A3BF152F}"
EndProject
Project("{9A19103F-16F7-4668-BE54-9A1E7A4F7556}") = "Reusable.OmniLog.SemanticExtensions", "Reusable.OmniLog.SemanticExtensions\Reusable.OmniLog.SemanticExtensions.csproj", "{896E8BDB-3A33-4D64-B785-7C6FFFF8EB2A}"
EndProject
Project("{9A19103F-16F7-4668-BE54-9A1E7A4F7556}") = "Reusable.OmniLog.NLogRx", "Reusable.OmniLog.NLogRx\Reusable.OmniLog.NLogRx.csproj", "{2E315F60-6572-4E5E-866D-475D6A990CD5}"
EndProject
Project("{9A19103F-16F7-4668-BE54-9A1E7A4F7556}") = "Reusable.Utilities.JsonNet", "Reusable.Utilities.JsonNet\Reusable.Utilities.JsonNet.csproj", "{4112D46D-2496-40D4-A0D0-33C190A11C7B}"
EndProject
Project("{9A19103F-16F7-4668-BE54-9A1E7A4F7556}") = "Reusable.Utilities.MSTest", "Reusable.Utilities.MSTest\Reusable.Utilities.MSTest.csproj", "{41886267-C1A5-492E-AEDA-C55702405C28}"
EndProject
Project("{9A19103F-16F7-4668-BE54-9A1E7A4F7556}") = "Reusable.Utilities.NLog", "Reusable.Utilities.NLog\Reusable.Utilities.NLog.csproj", "{6576FDC9-A6CA-4D58-B1C9-EE904A6E12F3}"
EndProject
Project("{9A19103F-16F7-4668-BE54-9A1E7A4F7556}") = "Reusable.Utilities.SqlClient", "Reusable.Utilities.SqlClient\Reusable.Utilities.SqlClient.csproj", "{D1F32907-120A-43CB-9770-291835E9717C}"
EndProject
Project("{9A19103F-16F7-4668-BE54-9A1E7A4F7556}") = "Reusable.Commander", "Reusable.Commander\Reusable.Commander.csproj", "{89968832-E668-48AE-BAEF-19F4C689613B}"
EndProject
Project("{9A19103F-16F7-4668-BE54-9A1E7A4F7556}") = "Reusable.OneTo1", "Reusable.OneTo1\Reusable.OneTo1.csproj", "{25A53836-CA06-4F6A-A321-199F004005D8}"
EndProject
Project("{9A19103F-16F7-4668-BE54-9A1E7A4F7556}") = "Reusable.Core", "Reusable.Core\Reusable.Core.csproj", "{BB5232B3-D85B-480A-B301-4EEDF35FF151}"
EndProject
Project("{9A19103F-16F7-4668-BE54-9A1E7A4F7556}") = "Reusable.MarkupBuilder", "Reusable.MarkupBuilder\Reusable.MarkupBuilder.csproj", "{B5E55F99-59EB-4763-B650-6CEB546DBC55}"
EndProject
Project("{9A19103F-16F7-4668-BE54-9A1E7A4F7556}") = "Reusable.SemanticVersion", "Reusable.SemanticVersion\Reusable.SemanticVersion.csproj", "{E7F840D2-A33D-4940-B68C-363323EE97EA}"
EndProject
Project("{9A19103F-16F7-4668-BE54-9A1E7A4F7556}") = "Reusable.app.Console", "Reusable.app.Console\Reusable.app.Console.csproj", "{BA4F622C-AB9B-4C1C-9CBE-02490532D037}"
EndProject
Project("{9A19103F-16F7-4668-BE54-9A1E7A4F7556}") = "Reusable.app.Server", "Reusable.app.Server\Reusable.app.Server.csproj", "{1CA8ADE8-04FE-45C4-9D78-A74CF6E111EC}"
EndProject
Project("{9A19103F-16F7-4668-BE54-9A1E7A4F7556}") = "Reusable.OmniLog.SemanticMiddleware", "Reusable.OmniLog.SemanticMiddleware\Reusable.OmniLog.SemanticMiddleware.csproj", "{645BDDA4-873B-4B20-9696-B442E85BD270}"
EndProject
Project("{9A19103F-16F7-4668-BE54-9A1E7A4F7556}") = "Reusable.Utilities.AspNetCore", "Reusable.Utilities.AspNetCore\Reusable.Utilities.AspNetCore.csproj", "{37A5FD78-1DCF-4B31-AC03-81DC493BD0BB}"
EndProject
Project("{9A19103F-16F7-4668-BE54-9A1E7A4F7556}") = "Reusable.OmniLog.ColoredConsoleRx", "Reusable.OmniLog.ColoredConsoleRx\Reusable.OmniLog.ColoredConsoleRx.csproj", "{7107C3DF-8649-4318-91C0-FDA167A83F49}"
EndProject
Project("{9A19103F-16F7-4668-BE54-9A1E7A4F7556}") = "Reusable.Cryptography", "Reusable.Cryptography\Reusable.Cryptography.csproj", "{26F67C2C-88AC-4F6D-ABC8-4386586963B2}"
EndProject
Project("{9A19103F-16F7-4668-BE54-9A1E7A4F7556}") = "Reusable.Csv", "Reusable.Csv\Reusable.Csv.csproj", "{B9863090-E450-45C6-91D8-28AFFBF46EA8}"
EndProject
Project("{9A19103F-16F7-4668-BE54-9A1E7A4F7556}") = "Reusable.Csv.Utilities", "Reusable.Csv.Utilities\Reusable.Csv.Utilities.csproj", "{786C2B5E-4DFA-4776-8C1E-DED5CF306981}"
EndProject
Project("{9A19103F-16F7-4668-BE54-9A1E7A4F7556}") = "Reusable.SmartConfig", "Reusable.SmartConfig\Reusable.SmartConfig.csproj", "{295268A0-7A66-44F4-9C3B-0430091D68AE}"
EndProject
Project("{9A19103F-16F7-4668-BE54-9A1E7A4F7556}") = "Reusable.SmartConfig.SqlServer", "Reusable.SmartConfig.SqlServer\Reusable.SmartConfig.SqlServer.csproj", "{A9AE541C-F84E-4C0E-9D56-BD1D11E941AD}"
EndProject
Project("{9A19103F-16F7-4668-BE54-9A1E7A4F7556}") = "Reusable.Tests.MSTest", "Reusable.Tests.MSTest\Reusable.Tests.MSTest.csproj", "{45CB60D7-2BBE-4928-AB8A-BAE7901BD79F}"
EndProject
Project("{2150E333-8FDC-42A3-9474-1A3956D46DE8}") = "app", "app", "{80CC1CE4-FFE0-4559-A2EC-71DD8B68122C}"
EndProject
Project("{2150E333-8FDC-42A3-9474-1A3956D46DE8}") = "lib", "lib", "{E50273AB-3639-4A78-8DE1-D46E402EA3EF}"
EndProject
Project("{9A19103F-16F7-4668-BE54-9A1E7A4F7556}") = "Reusable.Deception", "Reusable.Deception\Reusable.Deception.csproj", "{8C6AEC88-BB70-4D46-A0A8-39C38E4FB0DB}"
EndProject
Project("{9A19103F-16F7-4668-BE54-9A1E7A4F7556}") = "Reusable.Flexo", "Reusable.Flexo\Reusable.Flexo.csproj", "{5EA18FC2-C680-4094-AC2A-34122EDA1CC2}"
EndProject
Project("{9A19103F-16F7-4668-BE54-9A1E7A4F7556}") = "Reusable.IOnymous.Http.Mailr", "Reusable.IOnymous.Http.Mailr\Reusable.IOnymous.Http.Mailr.csproj", "{8B72AB74-C38E-450D-86D4-D6AC33AC9961}"
EndProject
Project("{2150E333-8FDC-42A3-9474-1A3956D46DE8}") = "Solution Items", "Solution Items", "{167E65EE-1F13-437D-9BDD-72B00874BA67}"
	ProjectSection(SolutionItems) = preProject
		tests.runsettings = tests.runsettings
	EndProjectSection
EndProject
Project("{9A19103F-16F7-4668-BE54-9A1E7A4F7556}") = "Reusable.Utilities.Windows", "Reusable.Utilities.Windows\Reusable.Utilities.Windows.csproj", "{30B455D7-7024-4A4B-AF85-CBB5C80759B7}"
EndProject
Project("{9A19103F-16F7-4668-BE54-9A1E7A4F7556}") = "Reusable.Tests.XUnit", "Reusable.Tests.XUnit\Reusable.Tests.XUnit.csproj", "{3FA08226-408C-4347-BBD8-7D505C8D48DE}"
EndProject
Project("{9A19103F-16F7-4668-BE54-9A1E7A4F7556}") = "Reusable.Teapot", "Reusable.Teapot\Reusable.Teapot.csproj", "{AA718846-0C3E-4B92-9E68-2052DCFBFD12}"
EndProject
Project("{9A19103F-16F7-4668-BE54-9A1E7A4F7556}") = "Reusable.IOnymous", "Reusable.IOnymous\Reusable.IOnymous.csproj", "{E1597E81-6298-4DF8-BF83-01D4477F7D35}"
EndProject
Project("{FAE04EC0-301F-11D3-BF4B-00C04F79EFBC}") = "Reusable.IOnymous.Http", "Reusable.IOnymous.Http\Reusable.IOnymous.Http.csproj", "{F257FCD4-2A4A-4C0C-9963-1845482AA7B9}"
EndProject
Project("{FAE04EC0-301F-11D3-BF4B-00C04F79EFBC}") = "Reusable.IOnymous.Mail", "Reusable.IOnymous.Mail\Reusable.IOnymous.Mail.csproj", "{291F03CA-6924-4A31-B3CC-B8277CBDB919}"
EndProject
Project("{FAE04EC0-301F-11D3-BF4B-00C04F79EFBC}") = "Reusable.IOnymous.Mail.Smtp", "Reusable.IOnymous.Mail.Smtp\Reusable.IOnymous.Mail.Smtp.csproj", "{B8CA809E-6FAB-44F7-A5A2-336836BA9DED}"
EndProject
Project("{FAE04EC0-301F-11D3-BF4B-00C04F79EFBC}") = "Reusable.Utilities.XUnit", "Reusable.Utilities.XUnit\Reusable.Utilities.XUnit.csproj", "{66646136-6C60-4804-AD16-144A7DEAAC0A}"
EndProject
Project("{FAE04EC0-301F-11D3-BF4B-00C04F79EFBC}") = "Reusable.Cronvenient", "Reusable.Cronvenient\Reusable.Cronvenient.csproj", "{4CFA28B2-781B-4DD0-AB10-6D40EDDCE665}"
EndProject
Project("{FAE04EC0-301F-11D3-BF4B-00C04F79EFBC}") = "Reusable.OmniLog.Abstractions", "Reusable.OmniLog.Abstractions\Reusable.OmniLog.Abstractions.csproj", "{4F202E6E-64D5-47AC-B553-AC9509C204BE}"
EndProject
Project("{FAE04EC0-301F-11D3-BF4B-00C04F79EFBC}") = "Xunit.Assert.That", "Xunit.Assert.That\Xunit.Assert.That.csproj", "{61B54BB6-76C0-4018-93A6-DEF9AF0E248E}"
EndProject
Global
	GlobalSection(SolutionConfigurationPlatforms) = preSolution
		Debug|Any CPU = Debug|Any CPU
		Release|Any CPU = Release|Any CPU
	EndGlobalSection
	GlobalSection(ProjectConfigurationPlatforms) = postSolution
		{6C0AB70F-1BCB-488C-B905-6681A3BF152F}.Debug|Any CPU.ActiveCfg = Debug|Any CPU
		{6C0AB70F-1BCB-488C-B905-6681A3BF152F}.Debug|Any CPU.Build.0 = Debug|Any CPU
		{6C0AB70F-1BCB-488C-B905-6681A3BF152F}.Release|Any CPU.ActiveCfg = Release|Any CPU
		{6C0AB70F-1BCB-488C-B905-6681A3BF152F}.Release|Any CPU.Build.0 = Release|Any CPU
		{896E8BDB-3A33-4D64-B785-7C6FFFF8EB2A}.Debug|Any CPU.ActiveCfg = Debug|Any CPU
		{896E8BDB-3A33-4D64-B785-7C6FFFF8EB2A}.Debug|Any CPU.Build.0 = Debug|Any CPU
		{896E8BDB-3A33-4D64-B785-7C6FFFF8EB2A}.Release|Any CPU.ActiveCfg = Release|Any CPU
		{896E8BDB-3A33-4D64-B785-7C6FFFF8EB2A}.Release|Any CPU.Build.0 = Release|Any CPU
		{2E315F60-6572-4E5E-866D-475D6A990CD5}.Debug|Any CPU.ActiveCfg = Debug|Any CPU
		{2E315F60-6572-4E5E-866D-475D6A990CD5}.Debug|Any CPU.Build.0 = Debug|Any CPU
		{2E315F60-6572-4E5E-866D-475D6A990CD5}.Release|Any CPU.ActiveCfg = Release|Any CPU
		{2E315F60-6572-4E5E-866D-475D6A990CD5}.Release|Any CPU.Build.0 = Release|Any CPU
		{4112D46D-2496-40D4-A0D0-33C190A11C7B}.Debug|Any CPU.ActiveCfg = Debug|Any CPU
		{4112D46D-2496-40D4-A0D0-33C190A11C7B}.Debug|Any CPU.Build.0 = Debug|Any CPU
		{4112D46D-2496-40D4-A0D0-33C190A11C7B}.Release|Any CPU.ActiveCfg = Release|Any CPU
		{4112D46D-2496-40D4-A0D0-33C190A11C7B}.Release|Any CPU.Build.0 = Release|Any CPU
		{41886267-C1A5-492E-AEDA-C55702405C28}.Debug|Any CPU.ActiveCfg = Debug|Any CPU
		{41886267-C1A5-492E-AEDA-C55702405C28}.Debug|Any CPU.Build.0 = Debug|Any CPU
		{41886267-C1A5-492E-AEDA-C55702405C28}.Release|Any CPU.ActiveCfg = Release|Any CPU
		{41886267-C1A5-492E-AEDA-C55702405C28}.Release|Any CPU.Build.0 = Release|Any CPU
		{6576FDC9-A6CA-4D58-B1C9-EE904A6E12F3}.Debug|Any CPU.ActiveCfg = Debug|Any CPU
		{6576FDC9-A6CA-4D58-B1C9-EE904A6E12F3}.Debug|Any CPU.Build.0 = Debug|Any CPU
		{6576FDC9-A6CA-4D58-B1C9-EE904A6E12F3}.Release|Any CPU.ActiveCfg = Release|Any CPU
		{6576FDC9-A6CA-4D58-B1C9-EE904A6E12F3}.Release|Any CPU.Build.0 = Release|Any CPU
		{D1F32907-120A-43CB-9770-291835E9717C}.Debug|Any CPU.ActiveCfg = Debug|Any CPU
		{D1F32907-120A-43CB-9770-291835E9717C}.Debug|Any CPU.Build.0 = Debug|Any CPU
		{D1F32907-120A-43CB-9770-291835E9717C}.Release|Any CPU.ActiveCfg = Release|Any CPU
		{D1F32907-120A-43CB-9770-291835E9717C}.Release|Any CPU.Build.0 = Release|Any CPU
		{89968832-E668-48AE-BAEF-19F4C689613B}.Debug|Any CPU.ActiveCfg = Debug|Any CPU
		{89968832-E668-48AE-BAEF-19F4C689613B}.Debug|Any CPU.Build.0 = Debug|Any CPU
		{89968832-E668-48AE-BAEF-19F4C689613B}.Release|Any CPU.ActiveCfg = Release|Any CPU
		{89968832-E668-48AE-BAEF-19F4C689613B}.Release|Any CPU.Build.0 = Release|Any CPU
		{25A53836-CA06-4F6A-A321-199F004005D8}.Debug|Any CPU.ActiveCfg = Debug|Any CPU
		{25A53836-CA06-4F6A-A321-199F004005D8}.Debug|Any CPU.Build.0 = Debug|Any CPU
		{25A53836-CA06-4F6A-A321-199F004005D8}.Release|Any CPU.ActiveCfg = Release|Any CPU
		{25A53836-CA06-4F6A-A321-199F004005D8}.Release|Any CPU.Build.0 = Release|Any CPU
		{BB5232B3-D85B-480A-B301-4EEDF35FF151}.Debug|Any CPU.ActiveCfg = Debug|Any CPU
		{BB5232B3-D85B-480A-B301-4EEDF35FF151}.Debug|Any CPU.Build.0 = Debug|Any CPU
		{BB5232B3-D85B-480A-B301-4EEDF35FF151}.Release|Any CPU.ActiveCfg = Release|Any CPU
		{BB5232B3-D85B-480A-B301-4EEDF35FF151}.Release|Any CPU.Build.0 = Release|Any CPU
		{B5E55F99-59EB-4763-B650-6CEB546DBC55}.Debug|Any CPU.ActiveCfg = Debug|Any CPU
		{B5E55F99-59EB-4763-B650-6CEB546DBC55}.Debug|Any CPU.Build.0 = Debug|Any CPU
		{B5E55F99-59EB-4763-B650-6CEB546DBC55}.Release|Any CPU.ActiveCfg = Release|Any CPU
		{B5E55F99-59EB-4763-B650-6CEB546DBC55}.Release|Any CPU.Build.0 = Release|Any CPU
		{E7F840D2-A33D-4940-B68C-363323EE97EA}.Debug|Any CPU.ActiveCfg = Debug|Any CPU
		{E7F840D2-A33D-4940-B68C-363323EE97EA}.Debug|Any CPU.Build.0 = Debug|Any CPU
		{E7F840D2-A33D-4940-B68C-363323EE97EA}.Release|Any CPU.ActiveCfg = Release|Any CPU
		{E7F840D2-A33D-4940-B68C-363323EE97EA}.Release|Any CPU.Build.0 = Release|Any CPU
		{BA4F622C-AB9B-4C1C-9CBE-02490532D037}.Debug|Any CPU.ActiveCfg = Debug|Any CPU
		{BA4F622C-AB9B-4C1C-9CBE-02490532D037}.Debug|Any CPU.Build.0 = Debug|Any CPU
		{BA4F622C-AB9B-4C1C-9CBE-02490532D037}.Release|Any CPU.ActiveCfg = Release|Any CPU
		{1CA8ADE8-04FE-45C4-9D78-A74CF6E111EC}.Debug|Any CPU.ActiveCfg = Debug|Any CPU
		{1CA8ADE8-04FE-45C4-9D78-A74CF6E111EC}.Debug|Any CPU.Build.0 = Debug|Any CPU
		{1CA8ADE8-04FE-45C4-9D78-A74CF6E111EC}.Release|Any CPU.ActiveCfg = Release|Any CPU
		{645BDDA4-873B-4B20-9696-B442E85BD270}.Debug|Any CPU.ActiveCfg = Debug|Any CPU
		{645BDDA4-873B-4B20-9696-B442E85BD270}.Debug|Any CPU.Build.0 = Debug|Any CPU
		{645BDDA4-873B-4B20-9696-B442E85BD270}.Release|Any CPU.ActiveCfg = Release|Any CPU
		{645BDDA4-873B-4B20-9696-B442E85BD270}.Release|Any CPU.Build.0 = Release|Any CPU
		{37A5FD78-1DCF-4B31-AC03-81DC493BD0BB}.Debug|Any CPU.ActiveCfg = Debug|Any CPU
		{37A5FD78-1DCF-4B31-AC03-81DC493BD0BB}.Debug|Any CPU.Build.0 = Debug|Any CPU
		{37A5FD78-1DCF-4B31-AC03-81DC493BD0BB}.Release|Any CPU.ActiveCfg = Release|Any CPU
		{37A5FD78-1DCF-4B31-AC03-81DC493BD0BB}.Release|Any CPU.Build.0 = Release|Any CPU
		{7107C3DF-8649-4318-91C0-FDA167A83F49}.Debug|Any CPU.ActiveCfg = Debug|Any CPU
		{7107C3DF-8649-4318-91C0-FDA167A83F49}.Debug|Any CPU.Build.0 = Debug|Any CPU
		{7107C3DF-8649-4318-91C0-FDA167A83F49}.Release|Any CPU.ActiveCfg = Release|Any CPU
		{7107C3DF-8649-4318-91C0-FDA167A83F49}.Release|Any CPU.Build.0 = Release|Any CPU
		{26F67C2C-88AC-4F6D-ABC8-4386586963B2}.Debug|Any CPU.ActiveCfg = Debug|Any CPU
		{26F67C2C-88AC-4F6D-ABC8-4386586963B2}.Debug|Any CPU.Build.0 = Debug|Any CPU
		{26F67C2C-88AC-4F6D-ABC8-4386586963B2}.Release|Any CPU.ActiveCfg = Release|Any CPU
		{26F67C2C-88AC-4F6D-ABC8-4386586963B2}.Release|Any CPU.Build.0 = Release|Any CPU
		{B9863090-E450-45C6-91D8-28AFFBF46EA8}.Debug|Any CPU.ActiveCfg = Debug|Any CPU
		{B9863090-E450-45C6-91D8-28AFFBF46EA8}.Debug|Any CPU.Build.0 = Debug|Any CPU
		{B9863090-E450-45C6-91D8-28AFFBF46EA8}.Release|Any CPU.ActiveCfg = Release|Any CPU
		{B9863090-E450-45C6-91D8-28AFFBF46EA8}.Release|Any CPU.Build.0 = Release|Any CPU
		{786C2B5E-4DFA-4776-8C1E-DED5CF306981}.Debug|Any CPU.ActiveCfg = Debug|Any CPU
		{786C2B5E-4DFA-4776-8C1E-DED5CF306981}.Debug|Any CPU.Build.0 = Debug|Any CPU
		{786C2B5E-4DFA-4776-8C1E-DED5CF306981}.Release|Any CPU.ActiveCfg = Release|Any CPU
		{786C2B5E-4DFA-4776-8C1E-DED5CF306981}.Release|Any CPU.Build.0 = Release|Any CPU
		{295268A0-7A66-44F4-9C3B-0430091D68AE}.Debug|Any CPU.ActiveCfg = Debug|Any CPU
		{295268A0-7A66-44F4-9C3B-0430091D68AE}.Debug|Any CPU.Build.0 = Debug|Any CPU
		{295268A0-7A66-44F4-9C3B-0430091D68AE}.Release|Any CPU.ActiveCfg = Release|Any CPU
		{295268A0-7A66-44F4-9C3B-0430091D68AE}.Release|Any CPU.Build.0 = Release|Any CPU
		{A9AE541C-F84E-4C0E-9D56-BD1D11E941AD}.Debug|Any CPU.ActiveCfg = Debug|Any CPU
		{A9AE541C-F84E-4C0E-9D56-BD1D11E941AD}.Debug|Any CPU.Build.0 = Debug|Any CPU
		{A9AE541C-F84E-4C0E-9D56-BD1D11E941AD}.Release|Any CPU.ActiveCfg = Release|Any CPU
		{A9AE541C-F84E-4C0E-9D56-BD1D11E941AD}.Release|Any CPU.Build.0 = Release|Any CPU
		{45CB60D7-2BBE-4928-AB8A-BAE7901BD79F}.Debug|Any CPU.ActiveCfg = Debug|Any CPU
		{45CB60D7-2BBE-4928-AB8A-BAE7901BD79F}.Debug|Any CPU.Build.0 = Debug|Any CPU
		{45CB60D7-2BBE-4928-AB8A-BAE7901BD79F}.Release|Any CPU.ActiveCfg = Release|Any CPU
		{8C6AEC88-BB70-4D46-A0A8-39C38E4FB0DB}.Debug|Any CPU.ActiveCfg = Debug|Any CPU
		{8C6AEC88-BB70-4D46-A0A8-39C38E4FB0DB}.Debug|Any CPU.Build.0 = Debug|Any CPU
		{8C6AEC88-BB70-4D46-A0A8-39C38E4FB0DB}.Release|Any CPU.ActiveCfg = Release|Any CPU
		{8C6AEC88-BB70-4D46-A0A8-39C38E4FB0DB}.Release|Any CPU.Build.0 = Release|Any CPU
		{5EA18FC2-C680-4094-AC2A-34122EDA1CC2}.Debug|Any CPU.ActiveCfg = Debug|Any CPU
		{5EA18FC2-C680-4094-AC2A-34122EDA1CC2}.Debug|Any CPU.Build.0 = Debug|Any CPU
		{5EA18FC2-C680-4094-AC2A-34122EDA1CC2}.Release|Any CPU.ActiveCfg = Release|Any CPU
		{5EA18FC2-C680-4094-AC2A-34122EDA1CC2}.Release|Any CPU.Build.0 = Release|Any CPU
		{30B455D7-7024-4A4B-AF85-CBB5C80759B7}.Debug|Any CPU.ActiveCfg = Debug|Any CPU
		{30B455D7-7024-4A4B-AF85-CBB5C80759B7}.Debug|Any CPU.Build.0 = Debug|Any CPU
		{30B455D7-7024-4A4B-AF85-CBB5C80759B7}.Release|Any CPU.ActiveCfg = Release|Any CPU
		{30B455D7-7024-4A4B-AF85-CBB5C80759B7}.Release|Any CPU.Build.0 = Release|Any CPU
		{3FA08226-408C-4347-BBD8-7D505C8D48DE}.Debug|Any CPU.ActiveCfg = Debug|Any CPU
		{3FA08226-408C-4347-BBD8-7D505C8D48DE}.Debug|Any CPU.Build.0 = Debug|Any CPU
		{3FA08226-408C-4347-BBD8-7D505C8D48DE}.Release|Any CPU.ActiveCfg = Release|Any CPU
		{AA718846-0C3E-4B92-9E68-2052DCFBFD12}.Debug|Any CPU.ActiveCfg = Debug|Any CPU
		{AA718846-0C3E-4B92-9E68-2052DCFBFD12}.Debug|Any CPU.Build.0 = Debug|Any CPU
		{AA718846-0C3E-4B92-9E68-2052DCFBFD12}.Release|Any CPU.ActiveCfg = Release|Any CPU
		{AA718846-0C3E-4B92-9E68-2052DCFBFD12}.Release|Any CPU.Build.0 = Release|Any CPU
		{E1597E81-6298-4DF8-BF83-01D4477F7D35}.Debug|Any CPU.ActiveCfg = Debug|Any CPU
		{E1597E81-6298-4DF8-BF83-01D4477F7D35}.Debug|Any CPU.Build.0 = Debug|Any CPU
		{E1597E81-6298-4DF8-BF83-01D4477F7D35}.Release|Any CPU.ActiveCfg = Release|Any CPU
		{E1597E81-6298-4DF8-BF83-01D4477F7D35}.Release|Any CPU.Build.0 = Release|Any CPU
		{F257FCD4-2A4A-4C0C-9963-1845482AA7B9}.Debug|Any CPU.ActiveCfg = Debug|Any CPU
		{F257FCD4-2A4A-4C0C-9963-1845482AA7B9}.Debug|Any CPU.Build.0 = Debug|Any CPU
		{F257FCD4-2A4A-4C0C-9963-1845482AA7B9}.Release|Any CPU.ActiveCfg = Release|Any CPU
		{F257FCD4-2A4A-4C0C-9963-1845482AA7B9}.Release|Any CPU.Build.0 = Release|Any CPU
		{291F03CA-6924-4A31-B3CC-B8277CBDB919}.Debug|Any CPU.ActiveCfg = Debug|Any CPU
		{291F03CA-6924-4A31-B3CC-B8277CBDB919}.Debug|Any CPU.Build.0 = Debug|Any CPU
		{291F03CA-6924-4A31-B3CC-B8277CBDB919}.Release|Any CPU.ActiveCfg = Release|Any CPU
		{291F03CA-6924-4A31-B3CC-B8277CBDB919}.Release|Any CPU.Build.0 = Release|Any CPU
		{B8CA809E-6FAB-44F7-A5A2-336836BA9DED}.Debug|Any CPU.ActiveCfg = Debug|Any CPU
		{B8CA809E-6FAB-44F7-A5A2-336836BA9DED}.Debug|Any CPU.Build.0 = Debug|Any CPU
		{B8CA809E-6FAB-44F7-A5A2-336836BA9DED}.Release|Any CPU.ActiveCfg = Release|Any CPU
		{B8CA809E-6FAB-44F7-A5A2-336836BA9DED}.Release|Any CPU.Build.0 = Release|Any CPU
		{8B72AB74-C38E-450D-86D4-D6AC33AC9961}.Debug|Any CPU.ActiveCfg = Debug|Any CPU
		{8B72AB74-C38E-450D-86D4-D6AC33AC9961}.Debug|Any CPU.Build.0 = Debug|Any CPU
		{8B72AB74-C38E-450D-86D4-D6AC33AC9961}.Release|Any CPU.ActiveCfg = Release|Any CPU
		{8B72AB74-C38E-450D-86D4-D6AC33AC9961}.Release|Any CPU.Build.0 = Release|Any CPU
		{66646136-6C60-4804-AD16-144A7DEAAC0A}.Debug|Any CPU.ActiveCfg = Debug|Any CPU
		{66646136-6C60-4804-AD16-144A7DEAAC0A}.Debug|Any CPU.Build.0 = Debug|Any CPU
		{66646136-6C60-4804-AD16-144A7DEAAC0A}.Release|Any CPU.ActiveCfg = Release|Any CPU
		{66646136-6C60-4804-AD16-144A7DEAAC0A}.Release|Any CPU.Build.0 = Release|Any CPU
		{4CFA28B2-781B-4DD0-AB10-6D40EDDCE665}.Debug|Any CPU.ActiveCfg = Debug|Any CPU
		{4CFA28B2-781B-4DD0-AB10-6D40EDDCE665}.Debug|Any CPU.Build.0 = Debug|Any CPU
		{4CFA28B2-781B-4DD0-AB10-6D40EDDCE665}.Release|Any CPU.ActiveCfg = Release|Any CPU
		{4CFA28B2-781B-4DD0-AB10-6D40EDDCE665}.Release|Any CPU.Build.0 = Release|Any CPU
		{4F202E6E-64D5-47AC-B553-AC9509C204BE}.Debug|Any CPU.ActiveCfg = Debug|Any CPU
		{4F202E6E-64D5-47AC-B553-AC9509C204BE}.Debug|Any CPU.Build.0 = Debug|Any CPU
		{4F202E6E-64D5-47AC-B553-AC9509C204BE}.Release|Any CPU.ActiveCfg = Release|Any CPU
		{4F202E6E-64D5-47AC-B553-AC9509C204BE}.Release|Any CPU.Build.0 = Release|Any CPU
		{61B54BB6-76C0-4018-93A6-DEF9AF0E248E}.Debug|Any CPU.ActiveCfg = Debug|Any CPU
		{61B54BB6-76C0-4018-93A6-DEF9AF0E248E}.Debug|Any CPU.Build.0 = Debug|Any CPU
		{61B54BB6-76C0-4018-93A6-DEF9AF0E248E}.Release|Any CPU.ActiveCfg = Release|Any CPU
		{61B54BB6-76C0-4018-93A6-DEF9AF0E248E}.Release|Any CPU.Build.0 = Release|Any CPU
	EndGlobalSection
	GlobalSection(SolutionProperties) = preSolution
		HideSolutionNode = FALSE
	EndGlobalSection
	GlobalSection(NestedProjects) = preSolution
		{6C0AB70F-1BCB-488C-B905-6681A3BF152F} = {E50273AB-3639-4A78-8DE1-D46E402EA3EF}
		{896E8BDB-3A33-4D64-B785-7C6FFFF8EB2A} = {E50273AB-3639-4A78-8DE1-D46E402EA3EF}
		{2E315F60-6572-4E5E-866D-475D6A990CD5} = {E50273AB-3639-4A78-8DE1-D46E402EA3EF}
		{4112D46D-2496-40D4-A0D0-33C190A11C7B} = {E50273AB-3639-4A78-8DE1-D46E402EA3EF}
		{41886267-C1A5-492E-AEDA-C55702405C28} = {E50273AB-3639-4A78-8DE1-D46E402EA3EF}
		{6576FDC9-A6CA-4D58-B1C9-EE904A6E12F3} = {E50273AB-3639-4A78-8DE1-D46E402EA3EF}
		{D1F32907-120A-43CB-9770-291835E9717C} = {E50273AB-3639-4A78-8DE1-D46E402EA3EF}
		{89968832-E668-48AE-BAEF-19F4C689613B} = {E50273AB-3639-4A78-8DE1-D46E402EA3EF}
		{25A53836-CA06-4F6A-A321-199F004005D8} = {E50273AB-3639-4A78-8DE1-D46E402EA3EF}
		{BB5232B3-D85B-480A-B301-4EEDF35FF151} = {E50273AB-3639-4A78-8DE1-D46E402EA3EF}
		{B5E55F99-59EB-4763-B650-6CEB546DBC55} = {E50273AB-3639-4A78-8DE1-D46E402EA3EF}
		{E7F840D2-A33D-4940-B68C-363323EE97EA} = {E50273AB-3639-4A78-8DE1-D46E402EA3EF}
		{BA4F622C-AB9B-4C1C-9CBE-02490532D037} = {80CC1CE4-FFE0-4559-A2EC-71DD8B68122C}
		{1CA8ADE8-04FE-45C4-9D78-A74CF6E111EC} = {80CC1CE4-FFE0-4559-A2EC-71DD8B68122C}
		{645BDDA4-873B-4B20-9696-B442E85BD270} = {E50273AB-3639-4A78-8DE1-D46E402EA3EF}
		{37A5FD78-1DCF-4B31-AC03-81DC493BD0BB} = {E50273AB-3639-4A78-8DE1-D46E402EA3EF}
		{7107C3DF-8649-4318-91C0-FDA167A83F49} = {E50273AB-3639-4A78-8DE1-D46E402EA3EF}
		{26F67C2C-88AC-4F6D-ABC8-4386586963B2} = {E50273AB-3639-4A78-8DE1-D46E402EA3EF}
		{B9863090-E450-45C6-91D8-28AFFBF46EA8} = {E50273AB-3639-4A78-8DE1-D46E402EA3EF}
		{786C2B5E-4DFA-4776-8C1E-DED5CF306981} = {E50273AB-3639-4A78-8DE1-D46E402EA3EF}
		{295268A0-7A66-44F4-9C3B-0430091D68AE} = {E50273AB-3639-4A78-8DE1-D46E402EA3EF}
		{A9AE541C-F84E-4C0E-9D56-BD1D11E941AD} = {E50273AB-3639-4A78-8DE1-D46E402EA3EF}
		{8C6AEC88-BB70-4D46-A0A8-39C38E4FB0DB} = {E50273AB-3639-4A78-8DE1-D46E402EA3EF}
		{5EA18FC2-C680-4094-AC2A-34122EDA1CC2} = {E50273AB-3639-4A78-8DE1-D46E402EA3EF}
		{30B455D7-7024-4A4B-AF85-CBB5C80759B7} = {E50273AB-3639-4A78-8DE1-D46E402EA3EF}
		{AA718846-0C3E-4B92-9E68-2052DCFBFD12} = {E50273AB-3639-4A78-8DE1-D46E402EA3EF}
		{E1597E81-6298-4DF8-BF83-01D4477F7D35} = {E50273AB-3639-4A78-8DE1-D46E402EA3EF}
		{F257FCD4-2A4A-4C0C-9963-1845482AA7B9} = {E50273AB-3639-4A78-8DE1-D46E402EA3EF}
		{291F03CA-6924-4A31-B3CC-B8277CBDB919} = {E50273AB-3639-4A78-8DE1-D46E402EA3EF}
		{B8CA809E-6FAB-44F7-A5A2-336836BA9DED} = {E50273AB-3639-4A78-8DE1-D46E402EA3EF}
		{8B72AB74-C38E-450D-86D4-D6AC33AC9961} = {E50273AB-3639-4A78-8DE1-D46E402EA3EF}
		{66646136-6C60-4804-AD16-144A7DEAAC0A} = {E50273AB-3639-4A78-8DE1-D46E402EA3EF}
		{4CFA28B2-781B-4DD0-AB10-6D40EDDCE665} = {E50273AB-3639-4A78-8DE1-D46E402EA3EF}
		{4F202E6E-64D5-47AC-B553-AC9509C204BE} = {E50273AB-3639-4A78-8DE1-D46E402EA3EF}
		{61B54BB6-76C0-4018-93A6-DEF9AF0E248E} = {E50273AB-3639-4A78-8DE1-D46E402EA3EF}
	EndGlobalSection
	GlobalSection(ExtensibilityGlobals) = postSolution
		SolutionGuid = {2FA54731-890C-4550-BACA-E19B564CE1E3}
	EndGlobalSection
EndGlobal
