
Microsoft Visual Studio Solution File, Format Version 12.00
# Visual Studio 15
VisualStudioVersion = 15.0.27703.2035
MinimumVisualStudioVersion = 10.0.40219.1
Project("{9A19103F-16F7-4668-BE54-9A1E7A4F7556}") = "Reusable.Net.Mail", "Reusable.Net.Mail\Reusable.Net.Mail.csproj", "{7AA40E93-F55D-46F4-B943-B227C3E11416}"
EndProject
Project("{9A19103F-16F7-4668-BE54-9A1E7A4F7556}") = "Reusable.Net.Mail.SmtpClient", "Reusable.Net.Mail.SmtpClient\Reusable.Net.Mail.SmtpClient.csproj", "{B385675F-6353-4CCD-98CC-1A53CAA2EDC9}"
EndProject
Project("{9A19103F-16F7-4668-BE54-9A1E7A4F7556}") = "Reusable.Net.Mail.OutlookClient", "Reusable.Net.Mail.OutlookClient\Reusable.Net.Mail.OutlookClient.csproj", "{6C7E2B58-7451-4176-9CBB-C145F66E362C}"
EndProject
Project("{9A19103F-16F7-4668-BE54-9A1E7A4F7556}") = "Reusable.OmniLog", "Reusable.OmniLog\Reusable.OmniLog.csproj", "{6C0AB70F-1BCB-488C-B905-6681A3BF152F}"
EndProject
Project("{9A19103F-16F7-4668-BE54-9A1E7A4F7556}") = "Reusable.OmniLog.SemanticExtensions", "Reusable.OmniLog.SemanticExtensions\Reusable.OmniLog.SemanticExtensions.csproj", "{896E8BDB-3A33-4D64-B785-7C6FFFF8EB2A}"
EndProject
Project("{9A19103F-16F7-4668-BE54-9A1E7A4F7556}") = "Reusable.OmniLog.NLogRx", "Reusable.OmniLog.NLogRx\Reusable.OmniLog.NLogRx.csproj", "{2E315F60-6572-4E5E-866D-475D6A990CD5}"
EndProject
Project("{9A19103F-16F7-4668-BE54-9A1E7A4F7556}") = "Reusable.Utilities.JsonNet", "Reusable.Utilities.JsonNet\Reusable.Utilities.JsonNet.csproj", "{4112D46D-2496-40D4-A0D0-33C190A11C7B}"
EndProject
Project("{9A19103F-16F7-4668-BE54-9A1E7A4F7556}") = "Reusable.Utilities.MSTest", "Reusable.Utilities.MSTest\Reusable.Utilities.MSTest.csproj", "{41886267-C1A5-492E-AEDA-C55702405C28}"
EndProject
Project("{9A19103F-16F7-4668-BE54-9A1E7A4F7556}") = "Reusable.Utilities.NLog", "Reusable.Utilities.NLog\Reusable.Utilities.NLog.csproj", "{6576FDC9-A6CA-4D58-B1C9-EE904A6E12F3}"
EndProject
Project("{9A19103F-16F7-4668-BE54-9A1E7A4F7556}") = "Reusable.Utilities.SqlClient", "Reusable.Utilities.SqlClient\Reusable.Utilities.SqlClient.csproj", "{D1F32907-120A-43CB-9770-291835E9717C}"
EndProject
Project("{9A19103F-16F7-4668-BE54-9A1E7A4F7556}") = "Reusable.Commander", "Reusable.Commander\Reusable.Commander.csproj", "{89968832-E668-48AE-BAEF-19F4C689613B}"
EndProject
Project("{9A19103F-16F7-4668-BE54-9A1E7A4F7556}") = "Reusable.Converters", "Reusable.Converters\Reusable.Converters.csproj", "{25A53836-CA06-4F6A-A321-199F004005D8}"
EndProject
Project("{9A19103F-16F7-4668-BE54-9A1E7A4F7556}") = "Reusable.Core", "Reusable.Core\Reusable.Core.csproj", "{BB5232B3-D85B-480A-B301-4EEDF35FF151}"
EndProject
Project("{9A19103F-16F7-4668-BE54-9A1E7A4F7556}") = "Reusable.MarkupBuilder", "Reusable.MarkupBuilder\Reusable.MarkupBuilder.csproj", "{B5E55F99-59EB-4763-B650-6CEB546DBC55}"
EndProject
Project("{9A19103F-16F7-4668-BE54-9A1E7A4F7556}") = "Reusable.SemanticVersion", "Reusable.SemanticVersion\Reusable.SemanticVersion.csproj", "{E7F840D2-A33D-4940-B68C-363323EE97EA}"
EndProject
Project("{9A19103F-16F7-4668-BE54-9A1E7A4F7556}") = "Reusable.Sequences", "Reusable.Sequences\Reusable.Sequences.csproj", "{C8931368-0B5B-4B3D-B2BC-EBCD3C19D6BD}"
EndProject
Project("{9A19103F-16F7-4668-BE54-9A1E7A4F7556}") = "Reusable.Apps.Console", "Resuable.Apps.Console\Reusable.Apps.Console.csproj", "{BA4F622C-AB9B-4C1C-9CBE-02490532D037}"
EndProject
Project("{9A19103F-16F7-4668-BE54-9A1E7A4F7556}") = "Reusable.Apps.Server", "Reusable.Apps.Server\Reusable.Apps.Server.csproj", "{1CA8ADE8-04FE-45C4-9D78-A74CF6E111EC}"
EndProject
Project("{9A19103F-16F7-4668-BE54-9A1E7A4F7556}") = "Reusable.AspNetCore.Http.HeaderValidator", "Reusable.AspNetCore.Http.HeaderValidator\Reusable.AspNetCore.Http.HeaderValidator.csproj", "{887B4CF8-4309-4EE4-9DF4-DEB5295893AB}"
EndProject
Project("{9A19103F-16F7-4668-BE54-9A1E7A4F7556}") = "Reusable.AspNetCore.Http.SemanticLogger", "Reusable.AspNetCore.Http.SemanticLogger\Reusable.AspNetCore.Http.SemanticLogger.csproj", "{645BDDA4-873B-4B20-9696-B442E85BD270}"
EndProject
Project("{9A19103F-16F7-4668-BE54-9A1E7A4F7556}") = "Reusable.Utilities.AspNetCore", "Reusable.Utilities.AspNetCore\Reusable.Utilities.AspNetCore.csproj", "{37A5FD78-1DCF-4B31-AC03-81DC493BD0BB}"
EndProject
Project("{9A19103F-16F7-4668-BE54-9A1E7A4F7556}") = "Reusable.Net.Http.RestClient", "Reusable.Net.Http.RestClient\Reusable.Net.Http.RestClient.csproj", "{44C6B2A3-C097-4AA1-9906-84C1FDFA9AA5}"
EndProject
Project("{9A19103F-16F7-4668-BE54-9A1E7A4F7556}") = "Reusable.OmniLog.ColoredConsoleRx", "Reusable.OmniLog.ColoredConsoleRx\Reusable.OmniLog.ColoredConsoleRx.csproj", "{7107C3DF-8649-4318-91C0-FDA167A83F49}"
EndProject
Project("{9A19103F-16F7-4668-BE54-9A1E7A4F7556}") = "Reusable.Cryptography", "Reusable.Cryptography\Reusable.Cryptography.csproj", "{26F67C2C-88AC-4F6D-ABC8-4386586963B2}"
EndProject
Project("{9A19103F-16F7-4668-BE54-9A1E7A4F7556}") = "Reusable.Csv", "Reusable.Csv\Reusable.Csv.csproj", "{B9863090-E450-45C6-91D8-28AFFBF46EA8}"
EndProject
Project("{9A19103F-16F7-4668-BE54-9A1E7A4F7556}") = "Reusable.Csv.Utilities", "Reusable.Csv.Utilities\Reusable.Csv.Utilities.csproj", "{786C2B5E-4DFA-4776-8C1E-DED5CF306981}"
EndProject
Project("{9A19103F-16F7-4668-BE54-9A1E7A4F7556}") = "Reusable.SmartConfig", "Reusable.SmartConfig\Reusable.SmartConfig.csproj", "{295268A0-7A66-44F4-9C3B-0430091D68AE}"
EndProject
Project("{9A19103F-16F7-4668-BE54-9A1E7A4F7556}") = "Reusable.SmartConfig.AppConfig", "Reusable.SmartConfig.AppConfig\Reusable.SmartConfig.AppConfig.csproj", "{22B9C443-F766-46E7-A9AE-D848AC969033}"
EndProject
Project("{9A19103F-16F7-4668-BE54-9A1E7A4F7556}") = "Reusable.SmartConfig.InMemory", "Reusable.SmartConfig.InMemory\Reusable.SmartConfig.InMemory.csproj", "{E5CE494A-C73F-4BEA-BCF2-5CA154159145}"
EndProject
Project("{9A19103F-16F7-4668-BE54-9A1E7A4F7556}") = "Reusable.SmartConfig.JsonConverter", "Reusable.SmartConfig.JsonConverter\Reusable.SmartConfig.JsonConverter.csproj", "{B1A4F56D-56B2-4244-8E54-12E49FC6F19D}"
EndProject
Project("{9A19103F-16F7-4668-BE54-9A1E7A4F7556}") = "Reusable.SmartConfig.SqlServer", "Reusable.SmartConfig.SqlServer\Reusable.SmartConfig.SqlServer.csproj", "{A9AE541C-F84E-4C0E-9D56-BD1D11E941AD}"
EndProject
Project("{9A19103F-16F7-4668-BE54-9A1E7A4F7556}") = "Reusable.SmartConfig.Utilities", "Reusable.SmartConfig.Utilities\Reusable.SmartConfig.Utilities.csproj", "{1BBC9EE4-5858-4843-BC22-002BF8143345}"
EndProject
Project("{9A19103F-16F7-4668-BE54-9A1E7A4F7556}") = "Reusable.Tests", "Reusable.Tests\Reusable.Tests.csproj", "{45CB60D7-2BBE-4928-AB8A-BAE7901BD79F}"
EndProject
Project("{2150E333-8FDC-42A3-9474-1A3956D46DE8}") = "Apps", "Apps", "{80CC1CE4-FFE0-4559-A2EC-71DD8B68122C}"
EndProject
Project("{2150E333-8FDC-42A3-9474-1A3956D46DE8}") = "Libs", "Libs", "{E50273AB-3639-4A78-8DE1-D46E402EA3EF}"
EndProject
Project("{9A19103F-16F7-4668-BE54-9A1E7A4F7556}") = "Reusable.OmniLog.Utilities", "Reusable.OmniLog.Utilities\Reusable.OmniLog.Utilities.csproj", "{208AEC1D-32FC-43D8-BA76-8BD673645BAE}"
EndProject
Global
	GlobalSection(SolutionConfigurationPlatforms) = preSolution
		Debug|Any CPU = Debug|Any CPU
		Release|Any CPU = Release|Any CPU
	EndGlobalSection
	GlobalSection(ProjectConfigurationPlatforms) = postSolution
		{7AA40E93-F55D-46F4-B943-B227C3E11416}.Debug|Any CPU.ActiveCfg = Debug|Any CPU
		{7AA40E93-F55D-46F4-B943-B227C3E11416}.Debug|Any CPU.Build.0 = Debug|Any CPU
		{7AA40E93-F55D-46F4-B943-B227C3E11416}.Release|Any CPU.ActiveCfg = Release|Any CPU
		{7AA40E93-F55D-46F4-B943-B227C3E11416}.Release|Any CPU.Build.0 = Release|Any CPU
		{B385675F-6353-4CCD-98CC-1A53CAA2EDC9}.Debug|Any CPU.ActiveCfg = Debug|Any CPU
		{B385675F-6353-4CCD-98CC-1A53CAA2EDC9}.Debug|Any CPU.Build.0 = Debug|Any CPU
		{B385675F-6353-4CCD-98CC-1A53CAA2EDC9}.Release|Any CPU.ActiveCfg = Release|Any CPU
		{B385675F-6353-4CCD-98CC-1A53CAA2EDC9}.Release|Any CPU.Build.0 = Release|Any CPU
		{6C7E2B58-7451-4176-9CBB-C145F66E362C}.Debug|Any CPU.ActiveCfg = Debug|Any CPU
		{6C7E2B58-7451-4176-9CBB-C145F66E362C}.Debug|Any CPU.Build.0 = Debug|Any CPU
		{6C7E2B58-7451-4176-9CBB-C145F66E362C}.Release|Any CPU.ActiveCfg = Release|Any CPU
		{6C7E2B58-7451-4176-9CBB-C145F66E362C}.Release|Any CPU.Build.0 = Release|Any CPU
		{6C0AB70F-1BCB-488C-B905-6681A3BF152F}.Debug|Any CPU.ActiveCfg = Debug|Any CPU
		{6C0AB70F-1BCB-488C-B905-6681A3BF152F}.Debug|Any CPU.Build.0 = Debug|Any CPU
		{6C0AB70F-1BCB-488C-B905-6681A3BF152F}.Release|Any CPU.ActiveCfg = Release|Any CPU
		{6C0AB70F-1BCB-488C-B905-6681A3BF152F}.Release|Any CPU.Build.0 = Release|Any CPU
		{896E8BDB-3A33-4D64-B785-7C6FFFF8EB2A}.Debug|Any CPU.ActiveCfg = Debug|Any CPU
		{896E8BDB-3A33-4D64-B785-7C6FFFF8EB2A}.Debug|Any CPU.Build.0 = Debug|Any CPU
		{896E8BDB-3A33-4D64-B785-7C6FFFF8EB2A}.Release|Any CPU.ActiveCfg = Release|Any CPU
		{896E8BDB-3A33-4D64-B785-7C6FFFF8EB2A}.Release|Any CPU.Build.0 = Release|Any CPU
		{2E315F60-6572-4E5E-866D-475D6A990CD5}.Debug|Any CPU.ActiveCfg = Debug|Any CPU
		{2E315F60-6572-4E5E-866D-475D6A990CD5}.Debug|Any CPU.Build.0 = Debug|Any CPU
		{2E315F60-6572-4E5E-866D-475D6A990CD5}.Release|Any CPU.ActiveCfg = Release|Any CPU
		{2E315F60-6572-4E5E-866D-475D6A990CD5}.Release|Any CPU.Build.0 = Release|Any CPU
		{4112D46D-2496-40D4-A0D0-33C190A11C7B}.Debug|Any CPU.ActiveCfg = Debug|Any CPU
		{4112D46D-2496-40D4-A0D0-33C190A11C7B}.Debug|Any CPU.Build.0 = Debug|Any CPU
		{4112D46D-2496-40D4-A0D0-33C190A11C7B}.Release|Any CPU.ActiveCfg = Release|Any CPU
		{4112D46D-2496-40D4-A0D0-33C190A11C7B}.Release|Any CPU.Build.0 = Release|Any CPU
		{41886267-C1A5-492E-AEDA-C55702405C28}.Debug|Any CPU.ActiveCfg = Debug|Any CPU
		{41886267-C1A5-492E-AEDA-C55702405C28}.Debug|Any CPU.Build.0 = Debug|Any CPU
		{41886267-C1A5-492E-AEDA-C55702405C28}.Release|Any CPU.ActiveCfg = Release|Any CPU
		{41886267-C1A5-492E-AEDA-C55702405C28}.Release|Any CPU.Build.0 = Release|Any CPU
		{6576FDC9-A6CA-4D58-B1C9-EE904A6E12F3}.Debug|Any CPU.ActiveCfg = Debug|Any CPU
		{6576FDC9-A6CA-4D58-B1C9-EE904A6E12F3}.Debug|Any CPU.Build.0 = Debug|Any CPU
		{6576FDC9-A6CA-4D58-B1C9-EE904A6E12F3}.Release|Any CPU.ActiveCfg = Release|Any CPU
		{6576FDC9-A6CA-4D58-B1C9-EE904A6E12F3}.Release|Any CPU.Build.0 = Release|Any CPU
		{D1F32907-120A-43CB-9770-291835E9717C}.Debug|Any CPU.ActiveCfg = Debug|Any CPU
		{D1F32907-120A-43CB-9770-291835E9717C}.Debug|Any CPU.Build.0 = Debug|Any CPU
		{D1F32907-120A-43CB-9770-291835E9717C}.Release|Any CPU.ActiveCfg = Release|Any CPU
		{D1F32907-120A-43CB-9770-291835E9717C}.Release|Any CPU.Build.0 = Release|Any CPU
		{89968832-E668-48AE-BAEF-19F4C689613B}.Debug|Any CPU.ActiveCfg = Debug|Any CPU
		{89968832-E668-48AE-BAEF-19F4C689613B}.Debug|Any CPU.Build.0 = Debug|Any CPU
		{89968832-E668-48AE-BAEF-19F4C689613B}.Release|Any CPU.ActiveCfg = Release|Any CPU
		{89968832-E668-48AE-BAEF-19F4C689613B}.Release|Any CPU.Build.0 = Release|Any CPU
		{25A53836-CA06-4F6A-A321-199F004005D8}.Debug|Any CPU.ActiveCfg = Debug|Any CPU
		{25A53836-CA06-4F6A-A321-199F004005D8}.Debug|Any CPU.Build.0 = Debug|Any CPU
		{25A53836-CA06-4F6A-A321-199F004005D8}.Release|Any CPU.ActiveCfg = Release|Any CPU
		{25A53836-CA06-4F6A-A321-199F004005D8}.Release|Any CPU.Build.0 = Release|Any CPU
		{BB5232B3-D85B-480A-B301-4EEDF35FF151}.Debug|Any CPU.ActiveCfg = Debug|Any CPU
		{BB5232B3-D85B-480A-B301-4EEDF35FF151}.Debug|Any CPU.Build.0 = Debug|Any CPU
		{BB5232B3-D85B-480A-B301-4EEDF35FF151}.Release|Any CPU.ActiveCfg = Release|Any CPU
		{BB5232B3-D85B-480A-B301-4EEDF35FF151}.Release|Any CPU.Build.0 = Release|Any CPU
		{B5E55F99-59EB-4763-B650-6CEB546DBC55}.Debug|Any CPU.ActiveCfg = Debug|Any CPU
		{B5E55F99-59EB-4763-B650-6CEB546DBC55}.Debug|Any CPU.Build.0 = Debug|Any CPU
		{B5E55F99-59EB-4763-B650-6CEB546DBC55}.Release|Any CPU.ActiveCfg = Release|Any CPU
		{B5E55F99-59EB-4763-B650-6CEB546DBC55}.Release|Any CPU.Build.0 = Release|Any CPU
		{E7F840D2-A33D-4940-B68C-363323EE97EA}.Debug|Any CPU.ActiveCfg = Debug|Any CPU
		{E7F840D2-A33D-4940-B68C-363323EE97EA}.Debug|Any CPU.Build.0 = Debug|Any CPU
		{E7F840D2-A33D-4940-B68C-363323EE97EA}.Release|Any CPU.ActiveCfg = Release|Any CPU
		{E7F840D2-A33D-4940-B68C-363323EE97EA}.Release|Any CPU.Build.0 = Release|Any CPU
		{C8931368-0B5B-4B3D-B2BC-EBCD3C19D6BD}.Debug|Any CPU.ActiveCfg = Debug|Any CPU
		{C8931368-0B5B-4B3D-B2BC-EBCD3C19D6BD}.Debug|Any CPU.Build.0 = Debug|Any CPU
		{C8931368-0B5B-4B3D-B2BC-EBCD3C19D6BD}.Release|Any CPU.ActiveCfg = Release|Any CPU
		{C8931368-0B5B-4B3D-B2BC-EBCD3C19D6BD}.Release|Any CPU.Build.0 = Release|Any CPU
		{BA4F622C-AB9B-4C1C-9CBE-02490532D037}.Debug|Any CPU.ActiveCfg = Debug|Any CPU
		{BA4F622C-AB9B-4C1C-9CBE-02490532D037}.Debug|Any CPU.Build.0 = Debug|Any CPU
		{BA4F622C-AB9B-4C1C-9CBE-02490532D037}.Release|Any CPU.ActiveCfg = Release|Any CPU
		{BA4F622C-AB9B-4C1C-9CBE-02490532D037}.Release|Any CPU.Build.0 = Release|Any CPU
		{1CA8ADE8-04FE-45C4-9D78-A74CF6E111EC}.Debug|Any CPU.ActiveCfg = Debug|Any CPU
		{1CA8ADE8-04FE-45C4-9D78-A74CF6E111EC}.Debug|Any CPU.Build.0 = Debug|Any CPU
		{1CA8ADE8-04FE-45C4-9D78-A74CF6E111EC}.Release|Any CPU.ActiveCfg = Release|Any CPU
		{1CA8ADE8-04FE-45C4-9D78-A74CF6E111EC}.Release|Any CPU.Build.0 = Release|Any CPU
		{887B4CF8-4309-4EE4-9DF4-DEB5295893AB}.Debug|Any CPU.ActiveCfg = Debug|Any CPU
		{887B4CF8-4309-4EE4-9DF4-DEB5295893AB}.Debug|Any CPU.Build.0 = Debug|Any CPU
		{887B4CF8-4309-4EE4-9DF4-DEB5295893AB}.Release|Any CPU.ActiveCfg = Release|Any CPU
		{887B4CF8-4309-4EE4-9DF4-DEB5295893AB}.Release|Any CPU.Build.0 = Release|Any CPU
		{645BDDA4-873B-4B20-9696-B442E85BD270}.Debug|Any CPU.ActiveCfg = Debug|Any CPU
		{645BDDA4-873B-4B20-9696-B442E85BD270}.Debug|Any CPU.Build.0 = Debug|Any CPU
		{645BDDA4-873B-4B20-9696-B442E85BD270}.Release|Any CPU.ActiveCfg = Release|Any CPU
		{645BDDA4-873B-4B20-9696-B442E85BD270}.Release|Any CPU.Build.0 = Release|Any CPU
		{37A5FD78-1DCF-4B31-AC03-81DC493BD0BB}.Debug|Any CPU.ActiveCfg = Debug|Any CPU
		{37A5FD78-1DCF-4B31-AC03-81DC493BD0BB}.Debug|Any CPU.Build.0 = Debug|Any CPU
		{37A5FD78-1DCF-4B31-AC03-81DC493BD0BB}.Release|Any CPU.ActiveCfg = Release|Any CPU
		{37A5FD78-1DCF-4B31-AC03-81DC493BD0BB}.Release|Any CPU.Build.0 = Release|Any CPU
		{44C6B2A3-C097-4AA1-9906-84C1FDFA9AA5}.Debug|Any CPU.ActiveCfg = Debug|Any CPU
		{44C6B2A3-C097-4AA1-9906-84C1FDFA9AA5}.Debug|Any CPU.Build.0 = Debug|Any CPU
		{44C6B2A3-C097-4AA1-9906-84C1FDFA9AA5}.Release|Any CPU.ActiveCfg = Release|Any CPU
		{44C6B2A3-C097-4AA1-9906-84C1FDFA9AA5}.Release|Any CPU.Build.0 = Release|Any CPU
		{7107C3DF-8649-4318-91C0-FDA167A83F49}.Debug|Any CPU.ActiveCfg = Debug|Any CPU
		{7107C3DF-8649-4318-91C0-FDA167A83F49}.Debug|Any CPU.Build.0 = Debug|Any CPU
		{7107C3DF-8649-4318-91C0-FDA167A83F49}.Release|Any CPU.ActiveCfg = Release|Any CPU
		{7107C3DF-8649-4318-91C0-FDA167A83F49}.Release|Any CPU.Build.0 = Release|Any CPU
		{26F67C2C-88AC-4F6D-ABC8-4386586963B2}.Debug|Any CPU.ActiveCfg = Debug|Any CPU
		{26F67C2C-88AC-4F6D-ABC8-4386586963B2}.Debug|Any CPU.Build.0 = Debug|Any CPU
		{26F67C2C-88AC-4F6D-ABC8-4386586963B2}.Release|Any CPU.ActiveCfg = Release|Any CPU
		{26F67C2C-88AC-4F6D-ABC8-4386586963B2}.Release|Any CPU.Build.0 = Release|Any CPU
		{B9863090-E450-45C6-91D8-28AFFBF46EA8}.Debug|Any CPU.ActiveCfg = Debug|Any CPU
		{B9863090-E450-45C6-91D8-28AFFBF46EA8}.Debug|Any CPU.Build.0 = Debug|Any CPU
		{B9863090-E450-45C6-91D8-28AFFBF46EA8}.Release|Any CPU.ActiveCfg = Release|Any CPU
		{B9863090-E450-45C6-91D8-28AFFBF46EA8}.Release|Any CPU.Build.0 = Release|Any CPU
		{786C2B5E-4DFA-4776-8C1E-DED5CF306981}.Debug|Any CPU.ActiveCfg = Debug|Any CPU
		{786C2B5E-4DFA-4776-8C1E-DED5CF306981}.Debug|Any CPU.Build.0 = Debug|Any CPU
		{786C2B5E-4DFA-4776-8C1E-DED5CF306981}.Release|Any CPU.ActiveCfg = Release|Any CPU
		{786C2B5E-4DFA-4776-8C1E-DED5CF306981}.Release|Any CPU.Build.0 = Release|Any CPU
		{295268A0-7A66-44F4-9C3B-0430091D68AE}.Debug|Any CPU.ActiveCfg = Debug|Any CPU
		{295268A0-7A66-44F4-9C3B-0430091D68AE}.Debug|Any CPU.Build.0 = Debug|Any CPU
		{295268A0-7A66-44F4-9C3B-0430091D68AE}.Release|Any CPU.ActiveCfg = Release|Any CPU
		{295268A0-7A66-44F4-9C3B-0430091D68AE}.Release|Any CPU.Build.0 = Release|Any CPU
		{22B9C443-F766-46E7-A9AE-D848AC969033}.Debug|Any CPU.ActiveCfg = Debug|Any CPU
		{22B9C443-F766-46E7-A9AE-D848AC969033}.Debug|Any CPU.Build.0 = Debug|Any CPU
		{22B9C443-F766-46E7-A9AE-D848AC969033}.Release|Any CPU.ActiveCfg = Release|Any CPU
		{22B9C443-F766-46E7-A9AE-D848AC969033}.Release|Any CPU.Build.0 = Release|Any CPU
		{E5CE494A-C73F-4BEA-BCF2-5CA154159145}.Debug|Any CPU.ActiveCfg = Debug|Any CPU
		{E5CE494A-C73F-4BEA-BCF2-5CA154159145}.Debug|Any CPU.Build.0 = Debug|Any CPU
		{E5CE494A-C73F-4BEA-BCF2-5CA154159145}.Release|Any CPU.ActiveCfg = Release|Any CPU
		{E5CE494A-C73F-4BEA-BCF2-5CA154159145}.Release|Any CPU.Build.0 = Release|Any CPU
		{B1A4F56D-56B2-4244-8E54-12E49FC6F19D}.Debug|Any CPU.ActiveCfg = Debug|Any CPU
		{B1A4F56D-56B2-4244-8E54-12E49FC6F19D}.Debug|Any CPU.Build.0 = Debug|Any CPU
		{B1A4F56D-56B2-4244-8E54-12E49FC6F19D}.Release|Any CPU.ActiveCfg = Release|Any CPU
		{B1A4F56D-56B2-4244-8E54-12E49FC6F19D}.Release|Any CPU.Build.0 = Release|Any CPU
		{A9AE541C-F84E-4C0E-9D56-BD1D11E941AD}.Debug|Any CPU.ActiveCfg = Debug|Any CPU
		{A9AE541C-F84E-4C0E-9D56-BD1D11E941AD}.Debug|Any CPU.Build.0 = Debug|Any CPU
		{A9AE541C-F84E-4C0E-9D56-BD1D11E941AD}.Release|Any CPU.ActiveCfg = Release|Any CPU
		{A9AE541C-F84E-4C0E-9D56-BD1D11E941AD}.Release|Any CPU.Build.0 = Release|Any CPU
		{1BBC9EE4-5858-4843-BC22-002BF8143345}.Debug|Any CPU.ActiveCfg = Debug|Any CPU
		{1BBC9EE4-5858-4843-BC22-002BF8143345}.Debug|Any CPU.Build.0 = Debug|Any CPU
		{1BBC9EE4-5858-4843-BC22-002BF8143345}.Release|Any CPU.ActiveCfg = Release|Any CPU
		{1BBC9EE4-5858-4843-BC22-002BF8143345}.Release|Any CPU.Build.0 = Release|Any CPU
		{45CB60D7-2BBE-4928-AB8A-BAE7901BD79F}.Debug|Any CPU.ActiveCfg = Debug|Any CPU
		{45CB60D7-2BBE-4928-AB8A-BAE7901BD79F}.Debug|Any CPU.Build.0 = Debug|Any CPU
		{45CB60D7-2BBE-4928-AB8A-BAE7901BD79F}.Release|Any CPU.ActiveCfg = Release|Any CPU
		{45CB60D7-2BBE-4928-AB8A-BAE7901BD79F}.Release|Any CPU.Build.0 = Release|Any CPU
		{208AEC1D-32FC-43D8-BA76-8BD673645BAE}.Debug|Any CPU.ActiveCfg = Debug|Any CPU
		{208AEC1D-32FC-43D8-BA76-8BD673645BAE}.Debug|Any CPU.Build.0 = Debug|Any CPU
		{208AEC1D-32FC-43D8-BA76-8BD673645BAE}.Release|Any CPU.ActiveCfg = Release|Any CPU
		{208AEC1D-32FC-43D8-BA76-8BD673645BAE}.Release|Any CPU.Build.0 = Release|Any CPU
	EndGlobalSection
	GlobalSection(SolutionProperties) = preSolution
		HideSolutionNode = FALSE
	EndGlobalSection
	GlobalSection(NestedProjects) = preSolution
		{7AA40E93-F55D-46F4-B943-B227C3E11416} = {E50273AB-3639-4A78-8DE1-D46E402EA3EF}
		{B385675F-6353-4CCD-98CC-1A53CAA2EDC9} = {E50273AB-3639-4A78-8DE1-D46E402EA3EF}
		{6C7E2B58-7451-4176-9CBB-C145F66E362C} = {E50273AB-3639-4A78-8DE1-D46E402EA3EF}
		{6C0AB70F-1BCB-488C-B905-6681A3BF152F} = {E50273AB-3639-4A78-8DE1-D46E402EA3EF}
		{896E8BDB-3A33-4D64-B785-7C6FFFF8EB2A} = {E50273AB-3639-4A78-8DE1-D46E402EA3EF}
		{2E315F60-6572-4E5E-866D-475D6A990CD5} = {E50273AB-3639-4A78-8DE1-D46E402EA3EF}
		{4112D46D-2496-40D4-A0D0-33C190A11C7B} = {E50273AB-3639-4A78-8DE1-D46E402EA3EF}
		{41886267-C1A5-492E-AEDA-C55702405C28} = {E50273AB-3639-4A78-8DE1-D46E402EA3EF}
		{6576FDC9-A6CA-4D58-B1C9-EE904A6E12F3} = {E50273AB-3639-4A78-8DE1-D46E402EA3EF}
		{D1F32907-120A-43CB-9770-291835E9717C} = {E50273AB-3639-4A78-8DE1-D46E402EA3EF}
		{89968832-E668-48AE-BAEF-19F4C689613B} = {E50273AB-3639-4A78-8DE1-D46E402EA3EF}
		{25A53836-CA06-4F6A-A321-199F004005D8} = {E50273AB-3639-4A78-8DE1-D46E402EA3EF}
		{BB5232B3-D85B-480A-B301-4EEDF35FF151} = {E50273AB-3639-4A78-8DE1-D46E402EA3EF}
		{B5E55F99-59EB-4763-B650-6CEB546DBC55} = {E50273AB-3639-4A78-8DE1-D46E402EA3EF}
		{E7F840D2-A33D-4940-B68C-363323EE97EA} = {E50273AB-3639-4A78-8DE1-D46E402EA3EF}
		{C8931368-0B5B-4B3D-B2BC-EBCD3C19D6BD} = {E50273AB-3639-4A78-8DE1-D46E402EA3EF}
		{BA4F622C-AB9B-4C1C-9CBE-02490532D037} = {80CC1CE4-FFE0-4559-A2EC-71DD8B68122C}
		{1CA8ADE8-04FE-45C4-9D78-A74CF6E111EC} = {80CC1CE4-FFE0-4559-A2EC-71DD8B68122C}
		{887B4CF8-4309-4EE4-9DF4-DEB5295893AB} = {E50273AB-3639-4A78-8DE1-D46E402EA3EF}
		{645BDDA4-873B-4B20-9696-B442E85BD270} = {E50273AB-3639-4A78-8DE1-D46E402EA3EF}
		{37A5FD78-1DCF-4B31-AC03-81DC493BD0BB} = {E50273AB-3639-4A78-8DE1-D46E402EA3EF}
		{44C6B2A3-C097-4AA1-9906-84C1FDFA9AA5} = {E50273AB-3639-4A78-8DE1-D46E402EA3EF}
		{7107C3DF-8649-4318-91C0-FDA167A83F49} = {E50273AB-3639-4A78-8DE1-D46E402EA3EF}
		{26F67C2C-88AC-4F6D-ABC8-4386586963B2} = {E50273AB-3639-4A78-8DE1-D46E402EA3EF}
		{B9863090-E450-45C6-91D8-28AFFBF46EA8} = {E50273AB-3639-4A78-8DE1-D46E402EA3EF}
		{786C2B5E-4DFA-4776-8C1E-DED5CF306981} = {E50273AB-3639-4A78-8DE1-D46E402EA3EF}
		{295268A0-7A66-44F4-9C3B-0430091D68AE} = {E50273AB-3639-4A78-8DE1-D46E402EA3EF}
		{22B9C443-F766-46E7-A9AE-D848AC969033} = {E50273AB-3639-4A78-8DE1-D46E402EA3EF}
		{E5CE494A-C73F-4BEA-BCF2-5CA154159145} = {E50273AB-3639-4A78-8DE1-D46E402EA3EF}
		{B1A4F56D-56B2-4244-8E54-12E49FC6F19D} = {E50273AB-3639-4A78-8DE1-D46E402EA3EF}
		{A9AE541C-F84E-4C0E-9D56-BD1D11E941AD} = {E50273AB-3639-4A78-8DE1-D46E402EA3EF}
		{1BBC9EE4-5858-4843-BC22-002BF8143345} = {E50273AB-3639-4A78-8DE1-D46E402EA3EF}
	EndGlobalSection
	GlobalSection(ExtensibilityGlobals) = postSolution
		SolutionGuid = {2FA54731-890C-4550-BACA-E19B564CE1E3}
	EndGlobalSection
EndGlobal
